// !$*UTF8*$!
{
	archiveVersion = 1;
	classes = {
	};
	objectVersion = 48;
	objects = {

/* Begin PBXBuildFile section */
		1863609A211BC85200FFA949 /* t_control_data_4_psf_c.c in Sources */ = {isa = PBXBuildFile; fileRef = 18636092211BC85100FFA949 /* t_control_data_4_psf_c.c */; };
		1863609B211BC85200FFA949 /* t_control_data_4_pvr_c.c in Sources */ = {isa = PBXBuildFile; fileRef = 18636093211BC85100FFA949 /* t_control_data_4_pvr_c.c */; };
		1863609C211BC85200FFA949 /* t_ctl_data_4_view_transfer_c.c in Sources */ = {isa = PBXBuildFile; fileRef = 18636095211BC85200FFA949 /* t_ctl_data_4_view_transfer_c.c */; };
		1863609D211BC85200FFA949 /* t_ctl_data_pvr_colormap_c.c in Sources */ = {isa = PBXBuildFile; fileRef = 18636096211BC85200FFA949 /* t_ctl_data_pvr_colormap_c.c */; };
		186360A6211BC89200FFA949 /* control_arrays_IO_c.c in Sources */ = {isa = PBXBuildFile; fileRef = 1863609F211BC89100FFA949 /* control_arrays_IO_c.c */; };
		186360A7211BC89200FFA949 /* skip_comment_c.c in Sources */ = {isa = PBXBuildFile; fileRef = 186360A0211BC89100FFA949 /* skip_comment_c.c */; };
		186360A8211BC89200FFA949 /* control_elements_IO_c.c in Sources */ = {isa = PBXBuildFile; fileRef = 186360A1211BC89100FFA949 /* control_elements_IO_c.c */; };
		186360A9211BC89200FFA949 /* kemosrc_param_c.c in Sources */ = {isa = PBXBuildFile; fileRef = 186360A2211BC89100FFA949 /* kemosrc_param_c.c */; };
		186360AB211BC8A100FFA949 /* main_control_PVR_test_c.c in Sources */ = {isa = PBXBuildFile; fileRef = 186360AA211BC8A000FFA949 /* main_control_PVR_test_c.c */; };
		1863619B211CAE0600FFA949 /* t_control_data_pvr_isosurf_list.c in Sources */ = {isa = PBXBuildFile; fileRef = 1863619A211CAE0600FFA949 /* t_control_data_pvr_isosurf_list.c */; };
		1863619E211CBF9900FFA949 /* t_control_data_pvr_section_list.c in Sources */ = {isa = PBXBuildFile; fileRef = 1863619C211CBF9800FFA949 /* t_control_data_pvr_section_list.c */; };
/* End PBXBuildFile section */

/* Begin PBXCopyFilesBuildPhase section */
		180078702119269E009C9C07 /* CopyFiles */ = {
			isa = PBXCopyFilesBuildPhase;
			buildActionMask = 2147483647;
			dstPath = /usr/share/man/man1/;
			dstSubfolderSpec = 0;
			files = (
			);
			runOnlyForDeploymentPostprocessing = 1;
		};
/* End PBXCopyFilesBuildPhase section */

/* Begin PBXFileReference section */
		180078722119269E009C9C07 /* ctl_pvr_test */ = {isa = PBXFileReference; explicitFileType = "compiled.mach-o.executable"; includeInIndex = 0; path = ctl_pvr_test; sourceTree = BUILT_PRODUCTS_DIR; };
		18636092211BC85100FFA949 /* t_control_data_4_psf_c.c */ = {isa = PBXFileReference; fileEncoding = 4; lastKnownFileType = sourcecode.c.c; name = t_control_data_4_psf_c.c; path = ../../../../../C_src/CONTROLS/t_control_data_4_psf_c.c; sourceTree = "<group>"; };
		18636093211BC85100FFA949 /* t_control_data_4_pvr_c.c */ = {isa = PBXFileReference; fileEncoding = 4; lastKnownFileType = sourcecode.c.c; name = t_control_data_4_pvr_c.c; path = ../../../../../C_src/CONTROLS/t_control_data_4_pvr_c.c; sourceTree = "<group>"; };
		18636094211BC85100FFA949 /* t_ctl_data_4_view_transfer_c.h */ = {isa = PBXFileReference; fileEncoding = 4; lastKnownFileType = sourcecode.c.h; name = t_ctl_data_4_view_transfer_c.h; path = ../../../../../C_src/CONTROLS/t_ctl_data_4_view_transfer_c.h; sourceTree = "<group>"; };
		18636095211BC85200FFA949 /* t_ctl_data_4_view_transfer_c.c */ = {isa = PBXFileReference; fileEncoding = 4; lastKnownFileType = sourcecode.c.c; name = t_ctl_data_4_view_transfer_c.c; path = ../../../../../C_src/CONTROLS/t_ctl_data_4_view_transfer_c.c; sourceTree = "<group>"; };
		18636096211BC85200FFA949 /* t_ctl_data_pvr_colormap_c.c */ = {isa = PBXFileReference; fileEncoding = 4; lastKnownFileType = sourcecode.c.c; name = t_ctl_data_pvr_colormap_c.c; path = ../../../../../C_src/CONTROLS/t_ctl_data_pvr_colormap_c.c; sourceTree = "<group>"; };
		18636097211BC85200FFA949 /* t_control_data_4_psf_c.h */ = {isa = PBXFileReference; fileEncoding = 4; lastKnownFileType = sourcecode.c.h; name = t_control_data_4_psf_c.h; path = ../../../../../C_src/CONTROLS/t_control_data_4_psf_c.h; sourceTree = "<group>"; };
		18636098211BC85200FFA949 /* t_ctl_data_pvr_colormap_c.h */ = {isa = PBXFileReference; fileEncoding = 4; lastKnownFileType = sourcecode.c.h; name = t_ctl_data_pvr_colormap_c.h; path = ../../../../../C_src/CONTROLS/t_ctl_data_pvr_colormap_c.h; sourceTree = "<group>"; };
		18636099211BC85200FFA949 /* t_control_data_4_pvr_c.h */ = {isa = PBXFileReference; fileEncoding = 4; lastKnownFileType = sourcecode.c.h; name = t_control_data_4_pvr_c.h; path = ../../../../../C_src/CONTROLS/t_control_data_4_pvr_c.h; sourceTree = "<group>"; };
		1863609E211BC89100FFA949 /* control_arrays_IO_c.h */ = {isa = PBXFileReference; fileEncoding = 4; lastKnownFileType = sourcecode.c.h; name = control_arrays_IO_c.h; path = ../../../../../C_src/CONTROLS/control_arrays_IO_c.h; sourceTree = "<group>"; };
		1863609F211BC89100FFA949 /* control_arrays_IO_c.c */ = {isa = PBXFileReference; fileEncoding = 4; lastKnownFileType = sourcecode.c.c; name = control_arrays_IO_c.c; path = ../../../../../C_src/CONTROLS/control_arrays_IO_c.c; sourceTree = "<group>"; };
		186360A0211BC89100FFA949 /* skip_comment_c.c */ = {isa = PBXFileReference; fileEncoding = 4; lastKnownFileType = sourcecode.c.c; name = skip_comment_c.c; path = ../../../../../C_src/CORE_C/skip_comment_c.c; sourceTree = "<group>"; };
		186360A1211BC89100FFA949 /* control_elements_IO_c.c */ = {isa = PBXFileReference; fileEncoding = 4; lastKnownFileType = sourcecode.c.c; name = control_elements_IO_c.c; path = ../../../../../C_src/CONTROLS/control_elements_IO_c.c; sourceTree = "<group>"; };
		186360A2211BC89100FFA949 /* kemosrc_param_c.c */ = {isa = PBXFileReference; fileEncoding = 4; lastKnownFileType = sourcecode.c.c; name = kemosrc_param_c.c; path = ../../../../../C_src/CORE_C/kemosrc_param_c.c; sourceTree = "<group>"; };
		186360A3211BC89100FFA949 /* control_elements_IO_c.h */ = {isa = PBXFileReference; fileEncoding = 4; lastKnownFileType = sourcecode.c.h; name = control_elements_IO_c.h; path = ../../../../../C_src/CONTROLS/control_elements_IO_c.h; sourceTree = "<group>"; };
		186360A4211BC89100FFA949 /* skip_comment_c.h */ = {isa = PBXFileReference; fileEncoding = 4; lastKnownFileType = sourcecode.c.h; name = skip_comment_c.h; path = ../../../../../C_src/CORE_C/skip_comment_c.h; sourceTree = "<group>"; };
		186360A5211BC89100FFA949 /* kemosrc_param_c.h */ = {isa = PBXFileReference; fileEncoding = 4; lastKnownFileType = sourcecode.c.h; name = kemosrc_param_c.h; path = ../../../../../C_src/CORE_C/kemosrc_param_c.h; sourceTree = "<group>"; };
		186360AA211BC8A000FFA949 /* main_control_PVR_test_c.c */ = {isa = PBXFileReference; fileEncoding = 4; lastKnownFileType = sourcecode.c.c; name = main_control_PVR_test_c.c; path = ../../main_control_PVR_test_c.c; sourceTree = "<group>"; };
		18636199211CAE0600FFA949 /* t_control_data_pvr_isosurf_list.h */ = {isa = PBXFileReference; fileEncoding = 4; lastKnownFileType = sourcecode.c.h; name = t_control_data_pvr_isosurf_list.h; path = ../../../../../C_src/CONTROLS/t_control_data_pvr_isosurf_list.h; sourceTree = "<group>"; };
		1863619A211CAE0600FFA949 /* t_control_data_pvr_isosurf_list.c */ = {isa = PBXFileReference; fileEncoding = 4; lastKnownFileType = sourcecode.c.c; name = t_control_data_pvr_isosurf_list.c; path = ../../../../../C_src/CONTROLS/t_control_data_pvr_isosurf_list.c; sourceTree = "<group>"; };
		1863619C211CBF9800FFA949 /* t_control_data_pvr_section_list.c */ = {isa = PBXFileReference; fileEncoding = 4; lastKnownFileType = sourcecode.c.c; name = t_control_data_pvr_section_list.c; path = ../../../../../C_src/CONTROLS/t_control_data_pvr_section_list.c; sourceTree = "<group>"; };
		1863619D211CBF9900FFA949 /* t_control_data_pvr_section_list.h */ = {isa = PBXFileReference; fileEncoding = 4; lastKnownFileType = sourcecode.c.h; name = t_control_data_pvr_section_list.h; path = ../../../../../C_src/CONTROLS/t_control_data_pvr_section_list.h; sourceTree = "<group>"; };
/* End PBXFileReference section */

/* Begin PBXFrameworksBuildPhase section */
		1800786F2119269E009C9C07 /* Frameworks */ = {
			isa = PBXFrameworksBuildPhase;
			buildActionMask = 2147483647;
			files = (
			);
			runOnlyForDeploymentPostprocessing = 0;
		};
/* End PBXFrameworksBuildPhase section */

/* Begin PBXGroup section */
		180078692119269E009C9C07 = {
			isa = PBXGroup;
			children = (
				180078742119269E009C9C07 /* ctl_pvr_test */,
				180078732119269E009C9C07 /* Products */,
			);
			sourceTree = "<group>";
		};
		180078732119269E009C9C07 /* Products */ = {
			isa = PBXGroup;
			children = (
				180078722119269E009C9C07 /* ctl_pvr_test */,
			);
			name = Products;
			sourceTree = "<group>";
		};
		180078742119269E009C9C07 /* ctl_pvr_test */ = {
			isa = PBXGroup;
			children = (
				186360AA211BC8A000FFA949 /* main_control_PVR_test_c.c */,
				18636095211BC85200FFA949 /* t_ctl_data_4_view_transfer_c.c */,
				18636094211BC85100FFA949 /* t_ctl_data_4_view_transfer_c.h */,
				18636096211BC85200FFA949 /* t_ctl_data_pvr_colormap_c.c */,
				18636098211BC85200FFA949 /* t_ctl_data_pvr_colormap_c.h */,
				18636092211BC85100FFA949 /* t_control_data_4_psf_c.c */,
				18636097211BC85200FFA949 /* t_control_data_4_psf_c.h */,
				1863619C211CBF9800FFA949 /* t_control_data_pvr_section_list.c */,
				1863619D211CBF9900FFA949 /* t_control_data_pvr_section_list.h */,
				1863619A211CAE0600FFA949 /* t_control_data_pvr_isosurf_list.c */,
				18636199211CAE0600FFA949 /* t_control_data_pvr_isosurf_list.h */,
				18636093211BC85100FFA949 /* t_control_data_4_pvr_c.c */,
				18636099211BC85200FFA949 /* t_control_data_4_pvr_c.h */,
				1863609F211BC89100FFA949 /* control_arrays_IO_c.c */,
				1863609E211BC89100FFA949 /* control_arrays_IO_c.h */,
				186360A1211BC89100FFA949 /* control_elements_IO_c.c */,
				186360A3211BC89100FFA949 /* control_elements_IO_c.h */,
				186360A2211BC89100FFA949 /* kemosrc_param_c.c */,
				186360A5211BC89100FFA949 /* kemosrc_param_c.h */,
				186360A0211BC89100FFA949 /* skip_comment_c.c */,
				186360A4211BC89100FFA949 /* skip_comment_c.h */,
			);
			path = ctl_pvr_test;
			sourceTree = "<group>";
		};
/* End PBXGroup section */

/* Begin PBXNativeTarget section */
		180078712119269E009C9C07 /* ctl_pvr_test */ = {
			isa = PBXNativeTarget;
			buildConfigurationList = 180078792119269E009C9C07 /* Build configuration list for PBXNativeTarget "ctl_pvr_test" */;
			buildPhases = (
				1800786E2119269E009C9C07 /* Sources */,
				1800786F2119269E009C9C07 /* Frameworks */,
				180078702119269E009C9C07 /* CopyFiles */,
			);
			buildRules = (
			);
			dependencies = (
			);
			name = ctl_pvr_test;
			productName = ctl_pvr_test;
			productReference = 180078722119269E009C9C07 /* ctl_pvr_test */;
			productType = "com.apple.product-type.tool";
		};
/* End PBXNativeTarget section */

/* Begin PBXProject section */
		1800786A2119269E009C9C07 /* Project object */ = {
			isa = PBXProject;
			attributes = {
				LastUpgradeCheck = 0920;
				ORGANIZATIONNAME = "Hiroaki Matsui";
				TargetAttributes = {
					180078712119269E009C9C07 = {
						CreatedOnToolsVersion = 9.2;
						ProvisioningStyle = Automatic;
					};
				};
			};
			buildConfigurationList = 1800786D2119269E009C9C07 /* Build configuration list for PBXProject "ctl_pvr_test" */;
			compatibilityVersion = "Xcode 8.0";
			developmentRegion = en;
			hasScannedForEncodings = 0;
			knownRegions = (
				en,
			);
			mainGroup = 180078692119269E009C9C07;
			productRefGroup = 180078732119269E009C9C07 /* Products */;
			projectDirPath = "";
			projectRoot = "";
			targets = (
				180078712119269E009C9C07 /* ctl_pvr_test */,
			);
		};
/* End PBXProject section */

/* Begin PBXSourcesBuildPhase section */
		1800786E2119269E009C9C07 /* Sources */ = {
			isa = PBXSourcesBuildPhase;
			buildActionMask = 2147483647;
			files = (
				1863609B211BC85200FFA949 /* t_control_data_4_pvr_c.c in Sources */,
				186360AB211BC8A100FFA949 /* main_control_PVR_test_c.c in Sources */,
				1863609C211BC85200FFA949 /* t_ctl_data_4_view_transfer_c.c in Sources */,
				186360A8211BC89200FFA949 /* control_elements_IO_c.c in Sources */,
				186360A7211BC89200FFA949 /* skip_comment_c.c in Sources */,
				1863609A211BC85200FFA949 /* t_control_data_4_psf_c.c in Sources */,
				1863609D211BC85200FFA949 /* t_ctl_data_pvr_colormap_c.c in Sources */,
				186360A6211BC89200FFA949 /* control_arrays_IO_c.c in Sources */,
				1863619E211CBF9900FFA949 /* t_control_data_pvr_section_list.c in Sources */,
				186360A9211BC89200FFA949 /* kemosrc_param_c.c in Sources */,
				1863619B211CAE0600FFA949 /* t_control_data_pvr_isosurf_list.c in Sources */,
			);
			runOnlyForDeploymentPostprocessing = 0;
		};
/* End PBXSourcesBuildPhase section */

/* Begin XCBuildConfiguration section */
		180078772119269E009C9C07 /* Debug */ = {
			isa = XCBuildConfiguration;
			buildSettings = {
				ALWAYS_SEARCH_USER_PATHS = NO;
				CLANG_ANALYZER_NONNULL = YES;
				CLANG_ANALYZER_NUMBER_OBJECT_CONVERSION = YES_AGGRESSIVE;
				CLANG_CXX_LANGUAGE_STANDARD = "gnu++14";
				CLANG_CXX_LIBRARY = "libc++";
				CLANG_ENABLE_MODULES = YES;
				CLANG_ENABLE_OBJC_ARC = YES;
				CLANG_WARN_BLOCK_CAPTURE_AUTORELEASING = YES;
				CLANG_WARN_BOOL_CONVERSION = YES;
				CLANG_WARN_COMMA = YES;
				CLANG_WARN_CONSTANT_CONVERSION = YES;
				CLANG_WARN_DIRECT_OBJC_ISA_USAGE = YES_ERROR;
				CLANG_WARN_DOCUMENTATION_COMMENTS = YES;
				CLANG_WARN_EMPTY_BODY = YES;
				CLANG_WARN_ENUM_CONVERSION = YES;
				CLANG_WARN_INFINITE_RECURSION = YES;
				CLANG_WARN_INT_CONVERSION = YES;
				CLANG_WARN_NON_LITERAL_NULL_CONVERSION = YES;
				CLANG_WARN_OBJC_LITERAL_CONVERSION = YES;
				CLANG_WARN_OBJC_ROOT_CLASS = YES_ERROR;
				CLANG_WARN_RANGE_LOOP_ANALYSIS = YES;
				CLANG_WARN_STRICT_PROTOTYPES = YES;
				CLANG_WARN_SUSPICIOUS_MOVE = YES;
				CLANG_WARN_UNGUARDED_AVAILABILITY = YES_AGGRESSIVE;
				CLANG_WARN_UNREACHABLE_CODE = YES;
				CLANG_WARN__DUPLICATE_METHOD_MATCH = YES;
				CODE_SIGN_IDENTITY = "-";
				COPY_PHASE_STRIP = NO;
				DEBUG_INFORMATION_FORMAT = dwarf;
				ENABLE_STRICT_OBJC_MSGSEND = YES;
				ENABLE_TESTABILITY = YES;
				GCC_C_LANGUAGE_STANDARD = gnu11;
				GCC_DYNAMIC_NO_PIC = NO;
				GCC_NO_COMMON_BLOCKS = YES;
				GCC_OPTIMIZATION_LEVEL = 0;
				GCC_PREPROCESSOR_DEFINITIONS = (
					"DEBUG=1",
					"$(inherited)",
				);
				GCC_WARN_64_TO_32_BIT_CONVERSION = YES;
				GCC_WARN_ABOUT_RETURN_TYPE = YES_ERROR;
				GCC_WARN_UNDECLARED_SELECTOR = YES;
				GCC_WARN_UNINITIALIZED_AUTOS = YES_AGGRESSIVE;
				GCC_WARN_UNUSED_FUNCTION = YES;
				GCC_WARN_UNUSED_VARIABLE = YES;
				MACOSX_DEPLOYMENT_TARGET = 10.12;
				MTL_ENABLE_DEBUG_INFO = YES;
				ONLY_ACTIVE_ARCH = YES;
				SDKROOT = macosx;
			};
			name = Debug;
		};
		180078782119269E009C9C07 /* Release */ = {
			isa = XCBuildConfiguration;
			buildSettings = {
				ALWAYS_SEARCH_USER_PATHS = NO;
				CLANG_ANALYZER_NONNULL = YES;
				CLANG_ANALYZER_NUMBER_OBJECT_CONVERSION = YES_AGGRESSIVE;
				CLANG_CXX_LANGUAGE_STANDARD = "gnu++14";
				CLANG_CXX_LIBRARY = "libc++";
				CLANG_ENABLE_MODULES = YES;
				CLANG_ENABLE_OBJC_ARC = YES;
				CLANG_WARN_BLOCK_CAPTURE_AUTORELEASING = YES;
				CLANG_WARN_BOOL_CONVERSION = YES;
				CLANG_WARN_COMMA = YES;
				CLANG_WARN_CONSTANT_CONVERSION = YES;
				CLANG_WARN_DIRECT_OBJC_ISA_USAGE = YES_ERROR;
				CLANG_WARN_DOCUMENTATION_COMMENTS = YES;
				CLANG_WARN_EMPTY_BODY = YES;
				CLANG_WARN_ENUM_CONVERSION = YES;
				CLANG_WARN_INFINITE_RECURSION = YES;
				CLANG_WARN_INT_CONVERSION = YES;
				CLANG_WARN_NON_LITERAL_NULL_CONVERSION = YES;
				CLANG_WARN_OBJC_LITERAL_CONVERSION = YES;
				CLANG_WARN_OBJC_ROOT_CLASS = YES_ERROR;
				CLANG_WARN_RANGE_LOOP_ANALYSIS = YES;
				CLANG_WARN_STRICT_PROTOTYPES = YES;
				CLANG_WARN_SUSPICIOUS_MOVE = YES;
				CLANG_WARN_UNGUARDED_AVAILABILITY = YES_AGGRESSIVE;
				CLANG_WARN_UNREACHABLE_CODE = YES;
				CLANG_WARN__DUPLICATE_METHOD_MATCH = YES;
				CODE_SIGN_IDENTITY = "-";
				COPY_PHASE_STRIP = NO;
				DEBUG_INFORMATION_FORMAT = "dwarf-with-dsym";
				ENABLE_NS_ASSERTIONS = NO;
				ENABLE_STRICT_OBJC_MSGSEND = YES;
				GCC_C_LANGUAGE_STANDARD = gnu11;
				GCC_NO_COMMON_BLOCKS = YES;
				GCC_WARN_64_TO_32_BIT_CONVERSION = YES;
				GCC_WARN_ABOUT_RETURN_TYPE = YES_ERROR;
				GCC_WARN_UNDECLARED_SELECTOR = YES;
				GCC_WARN_UNINITIALIZED_AUTOS = YES_AGGRESSIVE;
				GCC_WARN_UNUSED_FUNCTION = YES;
				GCC_WARN_UNUSED_VARIABLE = YES;
				MACOSX_DEPLOYMENT_TARGET = 10.12;
				MTL_ENABLE_DEBUG_INFO = NO;
				SDKROOT = macosx;
			};
			name = Release;
		};
		1800787A2119269E009C9C07 /* Debug */ = {
			isa = XCBuildConfiguration;
			buildSettings = {
				CODE_SIGN_STYLE = Automatic;
				PRODUCT_NAME = "$(TARGET_NAME)";
			};
			name = Debug;
		};
		1800787B2119269E009C9C07 /* Release */ = {
			isa = XCBuildConfiguration;
			buildSettings = {
				CODE_SIGN_STYLE = Automatic;
				PRODUCT_NAME = "$(TARGET_NAME)";
			};
			name = Release;
		};
/* End XCBuildConfiguration section */

/* Begin XCConfigurationList section */
		1800786D2119269E009C9C07 /* Build configuration list for PBXProject "ctl_pvr_test" */ = {
			isa = XCConfigurationList;
			buildConfigurations = (
				180078772119269E009C9C07 /* Debug */,
				180078782119269E009C9C07 /* Release */,
			);
			defaultConfigurationIsVisible = 0;
			defaultConfigurationName = Release;
		};
		180078792119269E009C9C07 /* Build configuration list for PBXNativeTarget "ctl_pvr_test" */ = {
			isa = XCConfigurationList;
			buildConfigurations = (
				1800787A2119269E009C9C07 /* Debug */,
				1800787B2119269E009C9C07 /* Release */,
			);
			defaultConfigurationIsVisible = 0;
			defaultConfigurationName = Release;
		};
/* End XCConfigurationList section */
	};
	rootObject = 1800786A2119269E009C9C07 /* Project object */;
}
