// !$*UTF8*$!
{
	archiveVersion = 1;
	classes = {
	};
	objectVersion = 45;
	objects = {

/* Begin PBXBuildFile section */
		1878DDBA1405A7F10081E876 /* libpng.dylib in Frameworks */ = {isa = PBXBuildFile; fileRef = 1878DDB71405A7F10081E876 /* libpng.dylib */; };
		1878DDBB1405A7F10081E876 /* OpenGL.framework in Frameworks */ = {isa = PBXBuildFile; fileRef = 1878DDB81405A7F10081E876 /* OpenGL.framework */; };
		1878DDBC1405A7F10081E876 /* libz.dylib in Frameworks */ = {isa = PBXBuildFile; fileRef = 1878DDB91405A7F10081E876 /* libz.dylib */; };
		1878DEFD1405A8CD0081E876 /* Colormap_EditorAppDelegate.m in Sources */ = {isa = PBXBuildFile; fileRef = 1878DEFC1405A8CD0081E876 /* Colormap_EditorAppDelegate.m */; };
		18BA1CC015E4747000AA4F3B /* gl2ps.c in Sources */ = {isa = PBXBuildFile; fileRef = 18BA1CB615E4747000AA4F3B /* gl2ps.c */; };
		18BA1D6A15E4753C00AA4F3B /* cal_surface_center_normal_c.c in Sources */ = {isa = PBXBuildFile; fileRef = 18BA1CC815E4753C00AA4F3B /* cal_surface_center_normal_c.c */; };
		18BA1D6B15E4753C00AA4F3B /* check_psf_data_viewer_c.c in Sources */ = {isa = PBXBuildFile; fileRef = 18BA1CCA15E4753C00AA4F3B /* check_psf_data_viewer_c.c */; };
		18BA1D6C15E4753C00AA4F3B /* check_viewer_mesh_c.c in Sources */ = {isa = PBXBuildFile; fileRef = 18BA1CCC15E4753C00AA4F3B /* check_viewer_mesh_c.c */; };
		18BA1D6D15E4753C00AA4F3B /* coordinate_converter_c.c in Sources */ = {isa = PBXBuildFile; fileRef = 18BA1CCE15E4753C00AA4F3B /* coordinate_converter_c.c */; };
		18BA1D6E15E4753C00AA4F3B /* get_ysglbitmap.c in Sources */ = {isa = PBXBuildFile; fileRef = 18BA1CD015E4753C00AA4F3B /* get_ysglbitmap.c */; };
		18BA1D6F15E4753C00AA4F3B /* jacobian_trilinear_c.c in Sources */ = {isa = PBXBuildFile; fileRef = 18BA1CD215E4753C00AA4F3B /* jacobian_trilinear_c.c */; };
		18BA1D7015E4753C00AA4F3B /* kemo_zlib_io_c.c in Sources */ = {isa = PBXBuildFile; fileRef = 18BA1CD415E4753C00AA4F3B /* kemo_zlib_io_c.c */; };
		18BA1D7115E4753C00AA4F3B /* kemosrc_param_c.c in Sources */ = {isa = PBXBuildFile; fileRef = 18BA1CD615E4753C00AA4F3B /* kemosrc_param_c.c */; };
		18BA1D7215E4753C00AA4F3B /* m_color_table_c.c in Sources */ = {isa = PBXBuildFile; fileRef = 18BA1CD815E4753C00AA4F3B /* m_color_table_c.c */; };
		18BA1D7315E4753C00AA4F3B /* m_grouping_mesh_4_viewer_c.c in Sources */ = {isa = PBXBuildFile; fileRef = 18BA1CDA15E4753C00AA4F3B /* m_grouping_mesh_4_viewer_c.c */; };
		18BA1D7415E4753C00AA4F3B /* m_map_data_4_viewer_c.c in Sources */ = {isa = PBXBuildFile; fileRef = 18BA1CDC15E4753C00AA4F3B /* m_map_data_4_viewer_c.c */; };
		18BA1D7515E4753C00AA4F3B /* m_psf_data_4_viewer_c.c in Sources */ = {isa = PBXBuildFile; fileRef = 18BA1CDE15E4753C00AA4F3B /* m_psf_data_4_viewer_c.c */; };
		18BA1D7615E4753C00AA4F3B /* m_surface_mesh_4_viewer_c.c in Sources */ = {isa = PBXBuildFile; fileRef = 18BA1CE015E4753C00AA4F3B /* m_surface_mesh_4_viewer_c.c */; };
		18BA1D7715E4753C00AA4F3B /* Makefile in Sources */ = {isa = PBXBuildFile; fileRef = 18BA1CE215E4753C00AA4F3B /* Makefile */; };
		18BA1D7815E4753C00AA4F3B /* numbers_to_bin_c.c in Sources */ = {isa = PBXBuildFile; fileRef = 18BA1CE315E4753C00AA4F3B /* numbers_to_bin_c.c */; };
		18BA1D7915E4753C00AA4F3B /* projection_patch_to_map.c in Sources */ = {isa = PBXBuildFile; fileRef = 18BA1CE515E4753C00AA4F3B /* projection_patch_to_map.c */; };
		18BA1D7A15E4753C00AA4F3B /* quicksort_c.c in Sources */ = {isa = PBXBuildFile; fileRef = 18BA1CE715E4753C00AA4F3B /* quicksort_c.c */; };
		18BA1D7B15E4753C00AA4F3B /* read_grouping_mesh_c.c in Sources */ = {isa = PBXBuildFile; fileRef = 18BA1CE915E4753C00AA4F3B /* read_grouping_mesh_c.c */; };
		18BA1D7C15E4753C00AA4F3B /* read_image_2_bmp.c in Sources */ = {isa = PBXBuildFile; fileRef = 18BA1CEB15E4753C00AA4F3B /* read_image_2_bmp.c */; };
		18BA1D7D15E4753C00AA4F3B /* read_image_2_png.c in Sources */ = {isa = PBXBuildFile; fileRef = 18BA1CED15E4753C00AA4F3B /* read_image_2_png.c */; };
		18BA1D7E15E4753C00AA4F3B /* read_psf_data_gz_c.c in Sources */ = {isa = PBXBuildFile; fileRef = 18BA1CEF15E4753C00AA4F3B /* read_psf_data_gz_c.c */; };
		18BA1D7F15E4753C00AA4F3B /* read_psf_data_viewer_c.c in Sources */ = {isa = PBXBuildFile; fileRef = 18BA1CF115E4753C00AA4F3B /* read_psf_data_viewer_c.c */; };
		18BA1D8015E4753C00AA4F3B /* read_viewer_mesh_c.c in Sources */ = {isa = PBXBuildFile; fileRef = 18BA1CF315E4753C00AA4F3B /* read_viewer_mesh_c.c */; };
		18BA1D8115E4753C00AA4F3B /* read_viewer_mesh_gz_c.c in Sources */ = {isa = PBXBuildFile; fileRef = 18BA1CF515E4753C00AA4F3B /* read_viewer_mesh_gz_c.c */; };
		18BA1D8215E4753C00AA4F3B /* set_map_data_4_viewer_c.c in Sources */ = {isa = PBXBuildFile; fileRef = 18BA1CF715E4753C00AA4F3B /* set_map_data_4_viewer_c.c */; };
		18BA1D8315E4753C00AA4F3B /* set_new_patch_4_map_c.c in Sources */ = {isa = PBXBuildFile; fileRef = 18BA1CF915E4753C00AA4F3B /* set_new_patch_4_map_c.c */; };
		18BA1D8415E4753C00AA4F3B /* set_normal_on_node_4_mesh.c in Sources */ = {isa = PBXBuildFile; fileRef = 18BA1CFB15E4753C00AA4F3B /* set_normal_on_node_4_mesh.c */; };
		18BA1D8515E4753C00AA4F3B /* set_psf_viewer.c in Sources */ = {isa = PBXBuildFile; fileRef = 18BA1CFD15E4753C00AA4F3B /* set_psf_viewer.c */; };
		18BA1D8615E4753C00AA4F3B /* set_rgb_colors_c.c in Sources */ = {isa = PBXBuildFile; fileRef = 18BA1CFF15E4753C00AA4F3B /* set_rgb_colors_c.c */; };
		18BA1D8715E4753C00AA4F3B /* set_rgba_table_c.c in Sources */ = {isa = PBXBuildFile; fileRef = 18BA1D0115E4753C00AA4F3B /* set_rgba_table_c.c */; };
		18BA1D8815E4753C00AA4F3B /* set_surface_mesh_data.c in Sources */ = {isa = PBXBuildFile; fileRef = 18BA1D0315E4753C00AA4F3B /* set_surface_mesh_data.c */; };
		18BA1D8915E4753C00AA4F3B /* skip_comment_c.c in Sources */ = {isa = PBXBuildFile; fileRef = 18BA1D0515E4753C00AA4F3B /* skip_comment_c.c */; };
		18BA1D8A15E4753C00AA4F3B /* take_normal_psf_c.c in Sources */ = {isa = PBXBuildFile; fileRef = 18BA1D0715E4753C00AA4F3B /* take_normal_psf_c.c */; };
		18BA1D8B15E4753C00AA4F3B /* take_normal_surf_mesh_c.c in Sources */ = {isa = PBXBuildFile; fileRef = 18BA1D0915E4753C00AA4F3B /* take_normal_surf_mesh_c.c */; };
		18BA1D8C15E4753C00AA4F3B /* transfer_matvec.c in Sources */ = {isa = PBXBuildFile; fileRef = 18BA1D0B15E4753C00AA4F3B /* transfer_matvec.c */; };
		18BA1D8D15E4753C00AA4F3B /* write_image_2_bmp.c in Sources */ = {isa = PBXBuildFile; fileRef = 18BA1D0D15E4753C00AA4F3B /* write_image_2_bmp.c */; };
		18BA1D8E15E4753C00AA4F3B /* write_image_2_png.c in Sources */ = {isa = PBXBuildFile; fileRef = 18BA1D0F15E4753C00AA4F3B /* write_image_2_png.c */; };
		18BA1D8F15E4753C00AA4F3B /* ysglfontdata.c in Sources */ = {isa = PBXBuildFile; fileRef = 18BA1D1115E4753C00AA4F3B /* ysglfontdata.c */; };
		18BA1D9015E4753C00AA4F3B /* coastline_c.c in Sources */ = {isa = PBXBuildFile; fileRef = 18BA1D1415E4753C00AA4F3B /* coastline_c.c */; };
		18BA1D9115E4753C00AA4F3B /* draw_axis_c.c in Sources */ = {isa = PBXBuildFile; fileRef = 18BA1D1615E4753C00AA4F3B /* draw_axis_c.c */; };
		18BA1D9215E4753C00AA4F3B /* draw_coastline.c in Sources */ = {isa = PBXBuildFile; fileRef = 18BA1D1815E4753C00AA4F3B /* draw_coastline.c */; };
		18BA1D9315E4753C00AA4F3B /* draw_colorbar_gl.c in Sources */ = {isa = PBXBuildFile; fileRef = 18BA1D1A15E4753C00AA4F3B /* draw_colorbar_gl.c */; };
		18BA1D9415E4753C00AA4F3B /* draw_fieldlines.c in Sources */ = {isa = PBXBuildFile; fileRef = 18BA1D1C15E4753C00AA4F3B /* draw_fieldlines.c */; };
		18BA1D9515E4753C00AA4F3B /* draw_grids_4_mesh.c in Sources */ = {isa = PBXBuildFile; fileRef = 18BA1D1E15E4753C00AA4F3B /* draw_grids_4_mesh.c */; };
		18BA1D9615E4753C00AA4F3B /* draw_isolines_4_map.c in Sources */ = {isa = PBXBuildFile; fileRef = 18BA1D2015E4753C00AA4F3B /* draw_isolines_4_map.c */; };
		18BA1D9715E4753C00AA4F3B /* draw_isolines_4_PSF.c in Sources */ = {isa = PBXBuildFile; fileRef = 18BA1D2215E4753C00AA4F3B /* draw_isolines_4_PSF.c */; };
		18BA1D9815E4753C00AA4F3B /* draw_mapgrid.c in Sources */ = {isa = PBXBuildFile; fileRef = 18BA1D2415E4753C00AA4F3B /* draw_mapgrid.c */; };
		18BA1D9915E4753C00AA4F3B /* draw_menu_bottun_gl.c in Sources */ = {isa = PBXBuildFile; fileRef = 18BA1D2615E4753C00AA4F3B /* draw_menu_bottun_gl.c */; };
		18BA1D9A15E4753C00AA4F3B /* draw_node_by_ico_c.c in Sources */ = {isa = PBXBuildFile; fileRef = 18BA1D2815E4753C00AA4F3B /* draw_node_by_ico_c.c */; };
		18BA1D9B15E4753C00AA4F3B /* draw_object_kemo.c in Sources */ = {isa = PBXBuildFile; fileRef = 18BA1D2A15E4753C00AA4F3B /* draw_object_kemo.c */; };
		18BA1D9C15E4753C00AA4F3B /* draw_patch_4_mesh_c.c in Sources */ = {isa = PBXBuildFile; fileRef = 18BA1D2C15E4753C00AA4F3B /* draw_patch_4_mesh_c.c */; };
		18BA1D9D15E4753C00AA4F3B /* draw_patches_4_PSF.c in Sources */ = {isa = PBXBuildFile; fileRef = 18BA1D2E15E4753C00AA4F3B /* draw_patches_4_PSF.c */; };
		18BA1D9E15E4753C00AA4F3B /* drawcube_gl.c in Sources */ = {isa = PBXBuildFile; fileRef = 18BA1D3015E4753C00AA4F3B /* drawcube_gl.c */; };
		18BA1D9F15E4753C00AA4F3B /* find_isoline_on_patch_c.c in Sources */ = {isa = PBXBuildFile; fileRef = 18BA1D3215E4753C00AA4F3B /* find_isoline_on_patch_c.c */; };
		18BA1DA015E4753C00AA4F3B /* gl_buffer_2_bmp.c in Sources */ = {isa = PBXBuildFile; fileRef = 18BA1D3415E4753C00AA4F3B /* gl_buffer_2_bmp.c */; };
		18BA1DA115E4753C00AA4F3B /* gl_buffer_2_gl2ps.c in Sources */ = {isa = PBXBuildFile; fileRef = 18BA1D3615E4753C00AA4F3B /* gl_buffer_2_gl2ps.c */; };
		18BA1DA215E4753C00AA4F3B /* gl_buffer_2_png.c in Sources */ = {isa = PBXBuildFile; fileRef = 18BA1D3815E4753C00AA4F3B /* gl_buffer_2_png.c */; };
		18BA1DA315E4753C00AA4F3B /* icosahedron_c.c in Sources */ = {isa = PBXBuildFile; fileRef = 18BA1D3A15E4753C00AA4F3B /* icosahedron_c.c */; };
		18BA1DA415E4753C00AA4F3B /* init_gl_lighting_c.c in Sources */ = {isa = PBXBuildFile; fileRef = 18BA1D3C15E4753C00AA4F3B /* init_gl_lighting_c.c */; };
		18BA1DA515E4753C00AA4F3B /* kemoviewer_param_c.c in Sources */ = {isa = PBXBuildFile; fileRef = 18BA1D3F15E4753C00AA4F3B /* kemoviewer_param_c.c */; };
		18BA1DA615E4753C00AA4F3B /* m_gl_transfer_matrix.c in Sources */ = {isa = PBXBuildFile; fileRef = 18BA1D4115E4753C00AA4F3B /* m_gl_transfer_matrix.c */; };
		18BA1DA715E4753C00AA4F3B /* m_kemoviewer_menu.c in Sources */ = {isa = PBXBuildFile; fileRef = 18BA1D4315E4753C00AA4F3B /* m_kemoviewer_menu.c */; };
		18BA1DA815E4753C00AA4F3B /* m_kemoviewer_structure.c in Sources */ = {isa = PBXBuildFile; fileRef = 18BA1D4515E4753C00AA4F3B /* m_kemoviewer_structure.c */; };
		18BA1DA915E4753C00AA4F3B /* Makefile in Sources */ = {isa = PBXBuildFile; fileRef = 18BA1D4715E4753C00AA4F3B /* Makefile */; };
		18BA1DAA15E4753C00AA4F3B /* modify_object_4_viewer_c.c in Sources */ = {isa = PBXBuildFile; fileRef = 18BA1D4815E4753C00AA4F3B /* modify_object_4_viewer_c.c */; };
		18BA1DAB15E4753C00AA4F3B /* modify_stereo_view_gl.c in Sources */ = {isa = PBXBuildFile; fileRef = 18BA1D4A15E4753C00AA4F3B /* modify_stereo_view_gl.c */; };
		18BA1DAC15E4753C00AA4F3B /* move_draw_objects_gl.c in Sources */ = {isa = PBXBuildFile; fileRef = 18BA1D4C15E4753C00AA4F3B /* move_draw_objects_gl.c */; };
		18BA1DAD15E4753C00AA4F3B /* psf_data_array_manager.c in Sources */ = {isa = PBXBuildFile; fileRef = 18BA1D4E15E4753C00AA4F3B /* psf_data_array_manager.c */; };
		18BA1DAE15E4753C00AA4F3B /* rainbow_color_code_c.c in Sources */ = {isa = PBXBuildFile; fileRef = 18BA1D5015E4753C00AA4F3B /* rainbow_color_code_c.c */; };
		18BA1DAF15E4753C00AA4F3B /* read_data_4_kemoviewer.c in Sources */ = {isa = PBXBuildFile; fileRef = 18BA1D5215E4753C00AA4F3B /* read_data_4_kemoviewer.c */; };
		18BA1DB015E4753C00AA4F3B /* rendereps_c.c in Sources */ = {isa = PBXBuildFile; fileRef = 18BA1D5415E4753C00AA4F3B /* rendereps_c.c */; };
		18BA1DB115E4753C00AA4F3B /* rotate_animation.c in Sources */ = {isa = PBXBuildFile; fileRef = 18BA1D5615E4753C00AA4F3B /* rotate_animation.c */; };
		18BA1DB215E4753C00AA4F3B /* set_color_code_on_nodes.c in Sources */ = {isa = PBXBuildFile; fileRef = 18BA1D5815E4753C00AA4F3B /* set_color_code_on_nodes.c */; };
		18BA1DB315E4753C00AA4F3B /* set_each_psf_parameters.c in Sources */ = {isa = PBXBuildFile; fileRef = 18BA1D5A15E4753C00AA4F3B /* set_each_psf_parameters.c */; };
		18BA1DB415E4753C00AA4F3B /* set_kemoviewer_ucd_data.c in Sources */ = {isa = PBXBuildFile; fileRef = 18BA1D5C15E4753C00AA4F3B /* set_kemoviewer_ucd_data.c */; };
		18BA1DB515E4753C00AA4F3B /* set_texture_4_psf.c in Sources */ = {isa = PBXBuildFile; fileRef = 18BA1D5E15E4753C00AA4F3B /* set_texture_4_psf.c */; };
		18BA1DB615E4753C00AA4F3B /* sort_by_patch_distance.c in Sources */ = {isa = PBXBuildFile; fileRef = 18BA1D6015E4753C00AA4F3B /* sort_by_patch_distance.c */; };
		18BA1DB715E4753C00AA4F3B /* trackball.c in Sources */ = {isa = PBXBuildFile; fileRef = 18BA1D6215E4753C00AA4F3B /* trackball.c */; };
		18BA1DB815E4753C00AA4F3B /* write_gl_window_to_file.c in Sources */ = {isa = PBXBuildFile; fileRef = 18BA1D6415E4753C00AA4F3B /* write_gl_window_to_file.c */; };
		18BA1DB915E4753C00AA4F3B /* write_modelview_matrix.c in Sources */ = {isa = PBXBuildFile; fileRef = 18BA1D6615E4753C00AA4F3B /* write_modelview_matrix.c */; };
		18BA1DBA15E4753C00AA4F3B /* ysglusefontbitmap.c in Sources */ = {isa = PBXBuildFile; fileRef = 18BA1D6815E4753C00AA4F3B /* ysglusefontbitmap.c */; };
		18C4C4FF140623420019B915 /* ColorMapController.m in Sources */ = {isa = PBXBuildFile; fileRef = 18C4C491140623420019B915 /* ColorMapController.m */; };
		18C4C500140623420019B915 /* DomainTableController.m in Sources */ = {isa = PBXBuildFile; fileRef = 18C4C493140623420019B915 /* DomainTableController.m */; };
		18C4C502140623430019B915 /* ElementGroupTableController.m in Sources */ = {isa = PBXBuildFile; fileRef = 18C4C497140623420019B915 /* ElementGroupTableController.m */; };
		18C4C503140623430019B915 /* fillRectView.m in Sources */ = {isa = PBXBuildFile; fileRef = 18C4C499140623420019B915 /* fillRectView.m */; };
		18C4C504140623430019B915 /* FlineController.m in Sources */ = {isa = PBXBuildFile; fileRef = 18C4C49B140623420019B915 /* FlineController.m */; };
		18C4C506140623430019B915 /* GLString.m in Sources */ = {isa = PBXBuildFile; fileRef = 18C4C49F140623420019B915 /* GLString.m */; };
		18C4C508140623430019B915 /* Kemoview_IO_Controller.m in Sources */ = {isa = PBXBuildFile; fileRef = 18C4C4A3140623420019B915 /* Kemoview_IO_Controller.m */; };
		18C4C509140623430019B915 /* KemoviewerController.m in Sources */ = {isa = PBXBuildFile; fileRef = 18C4C4A5140623420019B915 /* KemoviewerController.m */; };
		18C4C50A140623430019B915 /* KemoviewerObjectController.m in Sources */ = {isa = PBXBuildFile; fileRef = 18C4C4A7140623420019B915 /* KemoviewerObjectController.m */; };
		18C4C50B140623430019B915 /* KemoViewerOpenGLView.m in Sources */ = {isa = PBXBuildFile; fileRef = 18C4C4A9140623420019B915 /* KemoViewerOpenGLView.m */; };
		18C4C50C140623430019B915 /* KemoviewIoObjectController.m in Sources */ = {isa = PBXBuildFile; fileRef = 18C4C4AB140623420019B915 /* KemoviewIoObjectController.m */; };
		18C4C50F140623430019B915 /* NodeGroupTableController.m in Sources */ = {isa = PBXBuildFile; fileRef = 18C4C4B1140623420019B915 /* NodeGroupTableController.m */; };
		18C4C510140623430019B915 /* OpacityMapController.m in Sources */ = {isa = PBXBuildFile; fileRef = 18C4C4B3140623420019B915 /* OpacityMapController.m */; };
		18C4C511140623430019B915 /* PsfController.m in Sources */ = {isa = PBXBuildFile; fileRef = 18C4C4B5140623420019B915 /* PsfController.m */; };
		18C4C512140623430019B915 /* ResetViewControll.m in Sources */ = {isa = PBXBuildFile; fileRef = 18C4C4B7140623420019B915 /* ResetViewControll.m */; };
		18C4C513140623430019B915 /* RGBAMapController.m in Sources */ = {isa = PBXBuildFile; fileRef = 18C4C4B9140623420019B915 /* RGBAMapController.m */; };
		18C4C514140623430019B915 /* SurfaceGroupTableController.m in Sources */ = {isa = PBXBuildFile; fileRef = 18C4C4BB140623420019B915 /* SurfaceGroupTableController.m */; };
		1DDD58160DA1D0A300B32029 /* MainMenu.xib in Resources */ = {isa = PBXBuildFile; fileRef = 1DDD58140DA1D0A300B32029 /* MainMenu.xib */; };
		8D11072B0486CEB800E47090 /* InfoPlist.strings in Resources */ = {isa = PBXBuildFile; fileRef = 089C165CFE840E0CC02AAC07 /* InfoPlist.strings */; };
		8D11072D0486CEB800E47090 /* main.m in Sources */ = {isa = PBXBuildFile; fileRef = 29B97316FDCFA39411CA2CEA /* main.m */; settings = {ATTRIBUTES = (); }; };
		8D11072F0486CEB800E47090 /* Cocoa.framework in Frameworks */ = {isa = PBXBuildFile; fileRef = 1058C7A1FEA54F0111CA2CBB /* Cocoa.framework */; };
/* End PBXBuildFile section */

/* Begin PBXFileReference section */
		089C165DFE840E0CC02AAC07 /* English */ = {isa = PBXFileReference; fileEncoding = 4; lastKnownFileType = text.plist.strings; name = English; path = English.lproj/InfoPlist.strings; sourceTree = "<group>"; };
		1058C7A1FEA54F0111CA2CBB /* Cocoa.framework */ = {isa = PBXFileReference; lastKnownFileType = wrapper.framework; name = Cocoa.framework; path = /System/Library/Frameworks/Cocoa.framework; sourceTree = "<absolute>"; };
		13E42FB307B3F0F600E4EEF1 /* CoreData.framework */ = {isa = PBXFileReference; lastKnownFileType = wrapper.framework; name = CoreData.framework; path = /System/Library/Frameworks/CoreData.framework; sourceTree = "<absolute>"; };
		1878DDB61405A7F10081E876 /* png.h */ = {isa = PBXFileReference; fileEncoding = 4; lastKnownFileType = sourcecode.c.h; name = png.h; path = /usr/X11/include/png.h; sourceTree = "<absolute>"; };
		1878DDB71405A7F10081E876 /* libpng.dylib */ = {isa = PBXFileReference; lastKnownFileType = "compiled.mach-o.dylib"; name = libpng.dylib; path = /usr/X11/lib/libpng.dylib; sourceTree = "<absolute>"; };
		1878DDB81405A7F10081E876 /* OpenGL.framework */ = {isa = PBXFileReference; lastKnownFileType = wrapper.framework; name = OpenGL.framework; path = /System/Library/Frameworks/OpenGL.framework; sourceTree = "<absolute>"; };
		1878DDB91405A7F10081E876 /* libz.dylib */ = {isa = PBXFileReference; lastKnownFileType = "compiled.mach-o.dylib"; name = libz.dylib; path = /usr/lib/libz.dylib; sourceTree = "<absolute>"; };
		1878DDBF1405A8000081E876 /* QTKit.framework */ = {isa = PBXFileReference; lastKnownFileType = wrapper.framework; name = QTKit.framework; path = System/Library/Frameworks/QTKit.framework; sourceTree = SDKROOT; };
		1878DEFB1405A8CD0081E876 /* Colormap_EditorAppDelegate.h */ = {isa = PBXFileReference; fileEncoding = 4; lastKnownFileType = sourcecode.c.h; path = Colormap_EditorAppDelegate.h; sourceTree = "<group>"; };
		1878DEFC1405A8CD0081E876 /* Colormap_EditorAppDelegate.m */ = {isa = PBXFileReference; fileEncoding = 4; lastKnownFileType = sourcecode.c.objc; path = Colormap_EditorAppDelegate.m; sourceTree = "<group>"; };
		18BA1CB615E4747000AA4F3B /* gl2ps.c */ = {isa = PBXFileReference; fileEncoding = 4; lastKnownFileType = sourcecode.c.c; path = gl2ps.c; sourceTree = "<group>"; };
		18BA1CB715E4747000AA4F3B /* gl2ps.h */ = {isa = PBXFileReference; fileEncoding = 4; lastKnownFileType = sourcecode.c.h; path = gl2ps.h; sourceTree = "<group>"; };
		18BA1CC815E4753C00AA4F3B /* cal_surface_center_normal_c.c */ = {isa = PBXFileReference; fileEncoding = 4; lastKnownFileType = sourcecode.c.c; path = cal_surface_center_normal_c.c; sourceTree = "<group>"; };
		18BA1CC915E4753C00AA4F3B /* cal_surface_center_normal_c.h */ = {isa = PBXFileReference; fileEncoding = 4; lastKnownFileType = sourcecode.c.h; path = cal_surface_center_normal_c.h; sourceTree = "<group>"; };
		18BA1CCA15E4753C00AA4F3B /* check_psf_data_viewer_c.c */ = {isa = PBXFileReference; fileEncoding = 4; lastKnownFileType = sourcecode.c.c; path = check_psf_data_viewer_c.c; sourceTree = "<group>"; };
		18BA1CCB15E4753C00AA4F3B /* check_psf_data_viewer_c.h */ = {isa = PBXFileReference; fileEncoding = 4; lastKnownFileType = sourcecode.c.h; path = check_psf_data_viewer_c.h; sourceTree = "<group>"; };
		18BA1CCC15E4753C00AA4F3B /* check_viewer_mesh_c.c */ = {isa = PBXFileReference; fileEncoding = 4; lastKnownFileType = sourcecode.c.c; path = check_viewer_mesh_c.c; sourceTree = "<group>"; };
		18BA1CCD15E4753C00AA4F3B /* check_viewer_mesh_c.h */ = {isa = PBXFileReference; fileEncoding = 4; lastKnownFileType = sourcecode.c.h; path = check_viewer_mesh_c.h; sourceTree = "<group>"; };
		18BA1CCE15E4753C00AA4F3B /* coordinate_converter_c.c */ = {isa = PBXFileReference; fileEncoding = 4; lastKnownFileType = sourcecode.c.c; path = coordinate_converter_c.c; sourceTree = "<group>"; };
		18BA1CCF15E4753C00AA4F3B /* coordinate_converter_c.h */ = {isa = PBXFileReference; fileEncoding = 4; lastKnownFileType = sourcecode.c.h; path = coordinate_converter_c.h; sourceTree = "<group>"; };
		18BA1CD015E4753C00AA4F3B /* get_ysglbitmap.c */ = {isa = PBXFileReference; fileEncoding = 4; lastKnownFileType = sourcecode.c.c; path = get_ysglbitmap.c; sourceTree = "<group>"; };
		18BA1CD115E4753C00AA4F3B /* get_ysglbitmap.h */ = {isa = PBXFileReference; fileEncoding = 4; lastKnownFileType = sourcecode.c.h; path = get_ysglbitmap.h; sourceTree = "<group>"; };
		18BA1CD215E4753C00AA4F3B /* jacobian_trilinear_c.c */ = {isa = PBXFileReference; fileEncoding = 4; lastKnownFileType = sourcecode.c.c; path = jacobian_trilinear_c.c; sourceTree = "<group>"; };
		18BA1CD315E4753C00AA4F3B /* jacobian_trilinear_c.h */ = {isa = PBXFileReference; fileEncoding = 4; lastKnownFileType = sourcecode.c.h; path = jacobian_trilinear_c.h; sourceTree = "<group>"; };
		18BA1CD415E4753C00AA4F3B /* kemo_zlib_io_c.c */ = {isa = PBXFileReference; fileEncoding = 4; lastKnownFileType = sourcecode.c.c; path = kemo_zlib_io_c.c; sourceTree = "<group>"; };
		18BA1CD515E4753C00AA4F3B /* kemo_zlib_io_c.h */ = {isa = PBXFileReference; fileEncoding = 4; lastKnownFileType = sourcecode.c.h; path = kemo_zlib_io_c.h; sourceTree = "<group>"; };
		18BA1CD615E4753C00AA4F3B /* kemosrc_param_c.c */ = {isa = PBXFileReference; fileEncoding = 4; lastKnownFileType = sourcecode.c.c; path = kemosrc_param_c.c; sourceTree = "<group>"; };
		18BA1CD715E4753C00AA4F3B /* kemosrc_param_c.h */ = {isa = PBXFileReference; fileEncoding = 4; lastKnownFileType = sourcecode.c.h; path = kemosrc_param_c.h; sourceTree = "<group>"; };
		18BA1CD815E4753C00AA4F3B /* m_color_table_c.c */ = {isa = PBXFileReference; fileEncoding = 4; lastKnownFileType = sourcecode.c.c; path = m_color_table_c.c; sourceTree = "<group>"; };
		18BA1CD915E4753C00AA4F3B /* m_color_table_c.h */ = {isa = PBXFileReference; fileEncoding = 4; lastKnownFileType = sourcecode.c.h; path = m_color_table_c.h; sourceTree = "<group>"; };
		18BA1CDA15E4753C00AA4F3B /* m_grouping_mesh_4_viewer_c.c */ = {isa = PBXFileReference; fileEncoding = 4; lastKnownFileType = sourcecode.c.c; path = m_grouping_mesh_4_viewer_c.c; sourceTree = "<group>"; };
		18BA1CDB15E4753C00AA4F3B /* m_grouping_mesh_4_viewer_c.h */ = {isa = PBXFileReference; fileEncoding = 4; lastKnownFileType = sourcecode.c.h; path = m_grouping_mesh_4_viewer_c.h; sourceTree = "<group>"; };
		18BA1CDC15E4753C00AA4F3B /* m_map_data_4_viewer_c.c */ = {isa = PBXFileReference; fileEncoding = 4; lastKnownFileType = sourcecode.c.c; path = m_map_data_4_viewer_c.c; sourceTree = "<group>"; };
		18BA1CDD15E4753C00AA4F3B /* m_map_data_4_viewer_c.h */ = {isa = PBXFileReference; fileEncoding = 4; lastKnownFileType = sourcecode.c.h; path = m_map_data_4_viewer_c.h; sourceTree = "<group>"; };
		18BA1CDE15E4753C00AA4F3B /* m_psf_data_4_viewer_c.c */ = {isa = PBXFileReference; fileEncoding = 4; lastKnownFileType = sourcecode.c.c; path = m_psf_data_4_viewer_c.c; sourceTree = "<group>"; };
		18BA1CDF15E4753C00AA4F3B /* m_psf_data_4_viewer_c.h */ = {isa = PBXFileReference; fileEncoding = 4; lastKnownFileType = sourcecode.c.h; path = m_psf_data_4_viewer_c.h; sourceTree = "<group>"; };
		18BA1CE015E4753C00AA4F3B /* m_surface_mesh_4_viewer_c.c */ = {isa = PBXFileReference; fileEncoding = 4; lastKnownFileType = sourcecode.c.c; path = m_surface_mesh_4_viewer_c.c; sourceTree = "<group>"; };
		18BA1CE115E4753C00AA4F3B /* m_surface_mesh_4_viewer_c.h */ = {isa = PBXFileReference; fileEncoding = 4; lastKnownFileType = sourcecode.c.h; path = m_surface_mesh_4_viewer_c.h; sourceTree = "<group>"; };
		18BA1CE215E4753C00AA4F3B /* Makefile */ = {isa = PBXFileReference; fileEncoding = 4; lastKnownFileType = sourcecode.make; path = Makefile; sourceTree = "<group>"; };
		18BA1CE315E4753C00AA4F3B /* numbers_to_bin_c.c */ = {isa = PBXFileReference; fileEncoding = 4; lastKnownFileType = sourcecode.c.c; path = numbers_to_bin_c.c; sourceTree = "<group>"; };
		18BA1CE415E4753C00AA4F3B /* numbers_to_bin_c.h */ = {isa = PBXFileReference; fileEncoding = 4; lastKnownFileType = sourcecode.c.h; path = numbers_to_bin_c.h; sourceTree = "<group>"; };
		18BA1CE515E4753C00AA4F3B /* projection_patch_to_map.c */ = {isa = PBXFileReference; fileEncoding = 4; lastKnownFileType = sourcecode.c.c; path = projection_patch_to_map.c; sourceTree = "<group>"; };
		18BA1CE615E4753C00AA4F3B /* projection_patch_to_map.h */ = {isa = PBXFileReference; fileEncoding = 4; lastKnownFileType = sourcecode.c.h; path = projection_patch_to_map.h; sourceTree = "<group>"; };
		18BA1CE715E4753C00AA4F3B /* quicksort_c.c */ = {isa = PBXFileReference; fileEncoding = 4; lastKnownFileType = sourcecode.c.c; path = quicksort_c.c; sourceTree = "<group>"; };
		18BA1CE815E4753C00AA4F3B /* quicksort_c.h */ = {isa = PBXFileReference; fileEncoding = 4; lastKnownFileType = sourcecode.c.h; path = quicksort_c.h; sourceTree = "<group>"; };
		18BA1CE915E4753C00AA4F3B /* read_grouping_mesh_c.c */ = {isa = PBXFileReference; fileEncoding = 4; lastKnownFileType = sourcecode.c.c; path = read_grouping_mesh_c.c; sourceTree = "<group>"; };
		18BA1CEA15E4753C00AA4F3B /* read_grouping_mesh_c.h */ = {isa = PBXFileReference; fileEncoding = 4; lastKnownFileType = sourcecode.c.h; path = read_grouping_mesh_c.h; sourceTree = "<group>"; };
		18BA1CEB15E4753C00AA4F3B /* read_image_2_bmp.c */ = {isa = PBXFileReference; fileEncoding = 4; lastKnownFileType = sourcecode.c.c; path = read_image_2_bmp.c; sourceTree = "<group>"; };
		18BA1CEC15E4753C00AA4F3B /* read_image_2_bmp.h */ = {isa = PBXFileReference; fileEncoding = 4; lastKnownFileType = sourcecode.c.h; path = read_image_2_bmp.h; sourceTree = "<group>"; };
		18BA1CED15E4753C00AA4F3B /* read_image_2_png.c */ = {isa = PBXFileReference; fileEncoding = 4; lastKnownFileType = sourcecode.c.c; path = read_image_2_png.c; sourceTree = "<group>"; };
		18BA1CEE15E4753C00AA4F3B /* read_image_2_png.h */ = {isa = PBXFileReference; fileEncoding = 4; lastKnownFileType = sourcecode.c.h; path = read_image_2_png.h; sourceTree = "<group>"; };
		18BA1CEF15E4753C00AA4F3B /* read_psf_data_gz_c.c */ = {isa = PBXFileReference; fileEncoding = 4; lastKnownFileType = sourcecode.c.c; path = read_psf_data_gz_c.c; sourceTree = "<group>"; };
		18BA1CF015E4753C00AA4F3B /* read_psf_data_gz_c.h */ = {isa = PBXFileReference; fileEncoding = 4; lastKnownFileType = sourcecode.c.h; path = read_psf_data_gz_c.h; sourceTree = "<group>"; };
		18BA1CF115E4753C00AA4F3B /* read_psf_data_viewer_c.c */ = {isa = PBXFileReference; fileEncoding = 4; lastKnownFileType = sourcecode.c.c; path = read_psf_data_viewer_c.c; sourceTree = "<group>"; };
		18BA1CF215E4753C00AA4F3B /* read_psf_data_viewer_c.h */ = {isa = PBXFileReference; fileEncoding = 4; lastKnownFileType = sourcecode.c.h; path = read_psf_data_viewer_c.h; sourceTree = "<group>"; };
		18BA1CF315E4753C00AA4F3B /* read_viewer_mesh_c.c */ = {isa = PBXFileReference; fileEncoding = 4; lastKnownFileType = sourcecode.c.c; path = read_viewer_mesh_c.c; sourceTree = "<group>"; };
		18BA1CF415E4753C00AA4F3B /* read_viewer_mesh_c.h */ = {isa = PBXFileReference; fileEncoding = 4; lastKnownFileType = sourcecode.c.h; path = read_viewer_mesh_c.h; sourceTree = "<group>"; };
		18BA1CF515E4753C00AA4F3B /* read_viewer_mesh_gz_c.c */ = {isa = PBXFileReference; fileEncoding = 4; lastKnownFileType = sourcecode.c.c; path = read_viewer_mesh_gz_c.c; sourceTree = "<group>"; };
		18BA1CF615E4753C00AA4F3B /* read_viewer_mesh_gz_c.h */ = {isa = PBXFileReference; fileEncoding = 4; lastKnownFileType = sourcecode.c.h; path = read_viewer_mesh_gz_c.h; sourceTree = "<group>"; };
		18BA1CF715E4753C00AA4F3B /* set_map_data_4_viewer_c.c */ = {isa = PBXFileReference; fileEncoding = 4; lastKnownFileType = sourcecode.c.c; path = set_map_data_4_viewer_c.c; sourceTree = "<group>"; };
		18BA1CF815E4753C00AA4F3B /* set_map_data_4_viewer_c.h */ = {isa = PBXFileReference; fileEncoding = 4; lastKnownFileType = sourcecode.c.h; path = set_map_data_4_viewer_c.h; sourceTree = "<group>"; };
		18BA1CF915E4753C00AA4F3B /* set_new_patch_4_map_c.c */ = {isa = PBXFileReference; fileEncoding = 4; lastKnownFileType = sourcecode.c.c; path = set_new_patch_4_map_c.c; sourceTree = "<group>"; };
		18BA1CFA15E4753C00AA4F3B /* set_new_patch_4_map_c.h */ = {isa = PBXFileReference; fileEncoding = 4; lastKnownFileType = sourcecode.c.h; path = set_new_patch_4_map_c.h; sourceTree = "<group>"; };
		18BA1CFB15E4753C00AA4F3B /* set_normal_on_node_4_mesh.c */ = {isa = PBXFileReference; fileEncoding = 4; lastKnownFileType = sourcecode.c.c; path = set_normal_on_node_4_mesh.c; sourceTree = "<group>"; };
		18BA1CFC15E4753C00AA4F3B /* set_normal_on_node_4_mesh.h */ = {isa = PBXFileReference; fileEncoding = 4; lastKnownFileType = sourcecode.c.h; path = set_normal_on_node_4_mesh.h; sourceTree = "<group>"; };
		18BA1CFD15E4753C00AA4F3B /* set_psf_viewer.c */ = {isa = PBXFileReference; fileEncoding = 4; lastKnownFileType = sourcecode.c.c; path = set_psf_viewer.c; sourceTree = "<group>"; };
		18BA1CFE15E4753C00AA4F3B /* set_psf_viewer.h */ = {isa = PBXFileReference; fileEncoding = 4; lastKnownFileType = sourcecode.c.h; path = set_psf_viewer.h; sourceTree = "<group>"; };
		18BA1CFF15E4753C00AA4F3B /* set_rgb_colors_c.c */ = {isa = PBXFileReference; fileEncoding = 4; lastKnownFileType = sourcecode.c.c; path = set_rgb_colors_c.c; sourceTree = "<group>"; };
		18BA1D0015E4753C00AA4F3B /* set_rgb_colors_c.h */ = {isa = PBXFileReference; fileEncoding = 4; lastKnownFileType = sourcecode.c.h; path = set_rgb_colors_c.h; sourceTree = "<group>"; };
		18BA1D0115E4753C00AA4F3B /* set_rgba_table_c.c */ = {isa = PBXFileReference; fileEncoding = 4; lastKnownFileType = sourcecode.c.c; path = set_rgba_table_c.c; sourceTree = "<group>"; };
		18BA1D0215E4753C00AA4F3B /* set_rgba_table_c.h */ = {isa = PBXFileReference; fileEncoding = 4; lastKnownFileType = sourcecode.c.h; path = set_rgba_table_c.h; sourceTree = "<group>"; };
		18BA1D0315E4753C00AA4F3B /* set_surface_mesh_data.c */ = {isa = PBXFileReference; fileEncoding = 4; lastKnownFileType = sourcecode.c.c; path = set_surface_mesh_data.c; sourceTree = "<group>"; };
		18BA1D0415E4753C00AA4F3B /* set_surface_mesh_data.h */ = {isa = PBXFileReference; fileEncoding = 4; lastKnownFileType = sourcecode.c.h; path = set_surface_mesh_data.h; sourceTree = "<group>"; };
		18BA1D0515E4753C00AA4F3B /* skip_comment_c.c */ = {isa = PBXFileReference; fileEncoding = 4; lastKnownFileType = sourcecode.c.c; path = skip_comment_c.c; sourceTree = "<group>"; };
		18BA1D0615E4753C00AA4F3B /* skip_comment_c.h */ = {isa = PBXFileReference; fileEncoding = 4; lastKnownFileType = sourcecode.c.h; path = skip_comment_c.h; sourceTree = "<group>"; };
		18BA1D0715E4753C00AA4F3B /* take_normal_psf_c.c */ = {isa = PBXFileReference; fileEncoding = 4; lastKnownFileType = sourcecode.c.c; path = take_normal_psf_c.c; sourceTree = "<group>"; };
		18BA1D0815E4753C00AA4F3B /* take_normal_psf_c.h */ = {isa = PBXFileReference; fileEncoding = 4; lastKnownFileType = sourcecode.c.h; path = take_normal_psf_c.h; sourceTree = "<group>"; };
		18BA1D0915E4753C00AA4F3B /* take_normal_surf_mesh_c.c */ = {isa = PBXFileReference; fileEncoding = 4; lastKnownFileType = sourcecode.c.c; path = take_normal_surf_mesh_c.c; sourceTree = "<group>"; };
		18BA1D0A15E4753C00AA4F3B /* take_normal_surf_mesh_c.h */ = {isa = PBXFileReference; fileEncoding = 4; lastKnownFileType = sourcecode.c.h; path = take_normal_surf_mesh_c.h; sourceTree = "<group>"; };
		18BA1D0B15E4753C00AA4F3B /* transfer_matvec.c */ = {isa = PBXFileReference; fileEncoding = 4; lastKnownFileType = sourcecode.c.c; path = transfer_matvec.c; sourceTree = "<group>"; };
		18BA1D0C15E4753C00AA4F3B /* transfer_matvec.h */ = {isa = PBXFileReference; fileEncoding = 4; lastKnownFileType = sourcecode.c.h; path = transfer_matvec.h; sourceTree = "<group>"; };
		18BA1D0D15E4753C00AA4F3B /* write_image_2_bmp.c */ = {isa = PBXFileReference; fileEncoding = 4; lastKnownFileType = sourcecode.c.c; path = write_image_2_bmp.c; sourceTree = "<group>"; };
		18BA1D0E15E4753C00AA4F3B /* write_image_2_bmp.h */ = {isa = PBXFileReference; fileEncoding = 4; lastKnownFileType = sourcecode.c.h; path = write_image_2_bmp.h; sourceTree = "<group>"; };
		18BA1D0F15E4753C00AA4F3B /* write_image_2_png.c */ = {isa = PBXFileReference; fileEncoding = 4; lastKnownFileType = sourcecode.c.c; path = write_image_2_png.c; sourceTree = "<group>"; };
		18BA1D1015E4753C00AA4F3B /* write_image_2_png.h */ = {isa = PBXFileReference; fileEncoding = 4; lastKnownFileType = sourcecode.c.h; path = write_image_2_png.h; sourceTree = "<group>"; };
		18BA1D1115E4753C00AA4F3B /* ysglfontdata.c */ = {isa = PBXFileReference; fileEncoding = 4; lastKnownFileType = sourcecode.c.c; path = ysglfontdata.c; sourceTree = "<group>"; };
		18BA1D1215E4753C00AA4F3B /* ysglfontdata.h */ = {isa = PBXFileReference; fileEncoding = 4; lastKnownFileType = sourcecode.c.h; path = ysglfontdata.h; sourceTree = "<group>"; };
		18BA1D1415E4753C00AA4F3B /* coastline_c.c */ = {isa = PBXFileReference; fileEncoding = 4; lastKnownFileType = sourcecode.c.c; path = coastline_c.c; sourceTree = "<group>"; };
		18BA1D1515E4753C00AA4F3B /* coastline_c.h */ = {isa = PBXFileReference; fileEncoding = 4; lastKnownFileType = sourcecode.c.h; path = coastline_c.h; sourceTree = "<group>"; };
		18BA1D1615E4753C00AA4F3B /* draw_axis_c.c */ = {isa = PBXFileReference; fileEncoding = 4; lastKnownFileType = sourcecode.c.c; path = draw_axis_c.c; sourceTree = "<group>"; };
		18BA1D1715E4753C00AA4F3B /* draw_axis_c.h */ = {isa = PBXFileReference; fileEncoding = 4; lastKnownFileType = sourcecode.c.h; path = draw_axis_c.h; sourceTree = "<group>"; };
		18BA1D1815E4753C00AA4F3B /* draw_coastline.c */ = {isa = PBXFileReference; fileEncoding = 4; lastKnownFileType = sourcecode.c.c; path = draw_coastline.c; sourceTree = "<group>"; };
		18BA1D1915E4753C00AA4F3B /* draw_coastline.h */ = {isa = PBXFileReference; fileEncoding = 4; lastKnownFileType = sourcecode.c.h; path = draw_coastline.h; sourceTree = "<group>"; };
		18BA1D1A15E4753C00AA4F3B /* draw_colorbar_gl.c */ = {isa = PBXFileReference; fileEncoding = 4; lastKnownFileType = sourcecode.c.c; path = draw_colorbar_gl.c; sourceTree = "<group>"; };
		18BA1D1B15E4753C00AA4F3B /* draw_colorbar_gl.h */ = {isa = PBXFileReference; fileEncoding = 4; lastKnownFileType = sourcecode.c.h; path = draw_colorbar_gl.h; sourceTree = "<group>"; };
		18BA1D1C15E4753C00AA4F3B /* draw_fieldlines.c */ = {isa = PBXFileReference; fileEncoding = 4; lastKnownFileType = sourcecode.c.c; path = draw_fieldlines.c; sourceTree = "<group>"; };
		18BA1D1D15E4753C00AA4F3B /* draw_fieldlines.h */ = {isa = PBXFileReference; fileEncoding = 4; lastKnownFileType = sourcecode.c.h; path = draw_fieldlines.h; sourceTree = "<group>"; };
		18BA1D1E15E4753C00AA4F3B /* draw_grids_4_mesh.c */ = {isa = PBXFileReference; fileEncoding = 4; lastKnownFileType = sourcecode.c.c; path = draw_grids_4_mesh.c; sourceTree = "<group>"; };
		18BA1D1F15E4753C00AA4F3B /* draw_grids_4_mesh.h */ = {isa = PBXFileReference; fileEncoding = 4; lastKnownFileType = sourcecode.c.h; path = draw_grids_4_mesh.h; sourceTree = "<group>"; };
		18BA1D2015E4753C00AA4F3B /* draw_isolines_4_map.c */ = {isa = PBXFileReference; fileEncoding = 4; lastKnownFileType = sourcecode.c.c; path = draw_isolines_4_map.c; sourceTree = "<group>"; };
		18BA1D2115E4753C00AA4F3B /* draw_isolines_4_map.h */ = {isa = PBXFileReference; fileEncoding = 4; lastKnownFileType = sourcecode.c.h; path = draw_isolines_4_map.h; sourceTree = "<group>"; };
		18BA1D2215E4753C00AA4F3B /* draw_isolines_4_PSF.c */ = {isa = PBXFileReference; fileEncoding = 4; lastKnownFileType = sourcecode.c.c; path = draw_isolines_4_PSF.c; sourceTree = "<group>"; };
		18BA1D2315E4753C00AA4F3B /* draw_isolines_4_PSF.h */ = {isa = PBXFileReference; fileEncoding = 4; lastKnownFileType = sourcecode.c.h; path = draw_isolines_4_PSF.h; sourceTree = "<group>"; };
		18BA1D2415E4753C00AA4F3B /* draw_mapgrid.c */ = {isa = PBXFileReference; fileEncoding = 4; lastKnownFileType = sourcecode.c.c; path = draw_mapgrid.c; sourceTree = "<group>"; };
		18BA1D2515E4753C00AA4F3B /* draw_mapgrid.h */ = {isa = PBXFileReference; fileEncoding = 4; lastKnownFileType = sourcecode.c.h; path = draw_mapgrid.h; sourceTree = "<group>"; };
		18BA1D2615E4753C00AA4F3B /* draw_menu_bottun_gl.c */ = {isa = PBXFileReference; fileEncoding = 4; lastKnownFileType = sourcecode.c.c; path = draw_menu_bottun_gl.c; sourceTree = "<group>"; };
		18BA1D2715E4753C00AA4F3B /* draw_menu_bottun_gl.h */ = {isa = PBXFileReference; fileEncoding = 4; lastKnownFileType = sourcecode.c.h; path = draw_menu_bottun_gl.h; sourceTree = "<group>"; };
		18BA1D2815E4753C00AA4F3B /* draw_node_by_ico_c.c */ = {isa = PBXFileReference; fileEncoding = 4; lastKnownFileType = sourcecode.c.c; path = draw_node_by_ico_c.c; sourceTree = "<group>"; };
		18BA1D2915E4753C00AA4F3B /* draw_node_by_ico_c.h */ = {isa = PBXFileReference; fileEncoding = 4; lastKnownFileType = sourcecode.c.h; path = draw_node_by_ico_c.h; sourceTree = "<group>"; };
		18BA1D2A15E4753C00AA4F3B /* draw_object_kemo.c */ = {isa = PBXFileReference; fileEncoding = 4; lastKnownFileType = sourcecode.c.c; path = draw_object_kemo.c; sourceTree = "<group>"; };
		18BA1D2B15E4753C00AA4F3B /* draw_object_kemo.h */ = {isa = PBXFileReference; fileEncoding = 4; lastKnownFileType = sourcecode.c.h; path = draw_object_kemo.h; sourceTree = "<group>"; };
		18BA1D2C15E4753C00AA4F3B /* draw_patch_4_mesh_c.c */ = {isa = PBXFileReference; fileEncoding = 4; lastKnownFileType = sourcecode.c.c; path = draw_patch_4_mesh_c.c; sourceTree = "<group>"; };
		18BA1D2D15E4753C00AA4F3B /* draw_patch_4_mesh_c.h */ = {isa = PBXFileReference; fileEncoding = 4; lastKnownFileType = sourcecode.c.h; path = draw_patch_4_mesh_c.h; sourceTree = "<group>"; };
		18BA1D2E15E4753C00AA4F3B /* draw_patches_4_PSF.c */ = {isa = PBXFileReference; fileEncoding = 4; lastKnownFileType = sourcecode.c.c; path = draw_patches_4_PSF.c; sourceTree = "<group>"; };
		18BA1D2F15E4753C00AA4F3B /* draw_patches_4_PSF.h */ = {isa = PBXFileReference; fileEncoding = 4; lastKnownFileType = sourcecode.c.h; path = draw_patches_4_PSF.h; sourceTree = "<group>"; };
		18BA1D3015E4753C00AA4F3B /* drawcube_gl.c */ = {isa = PBXFileReference; fileEncoding = 4; lastKnownFileType = sourcecode.c.c; path = drawcube_gl.c; sourceTree = "<group>"; };
		18BA1D3115E4753C00AA4F3B /* drawcube_gl.h */ = {isa = PBXFileReference; fileEncoding = 4; lastKnownFileType = sourcecode.c.h; path = drawcube_gl.h; sourceTree = "<group>"; };
		18BA1D3215E4753C00AA4F3B /* find_isoline_on_patch_c.c */ = {isa = PBXFileReference; fileEncoding = 4; lastKnownFileType = sourcecode.c.c; path = find_isoline_on_patch_c.c; sourceTree = "<group>"; };
		18BA1D3315E4753C00AA4F3B /* find_isoline_on_patch_c.h */ = {isa = PBXFileReference; fileEncoding = 4; lastKnownFileType = sourcecode.c.h; path = find_isoline_on_patch_c.h; sourceTree = "<group>"; };
		18BA1D3415E4753C00AA4F3B /* gl_buffer_2_bmp.c */ = {isa = PBXFileReference; fileEncoding = 4; lastKnownFileType = sourcecode.c.c; path = gl_buffer_2_bmp.c; sourceTree = "<group>"; };
		18BA1D3515E4753C00AA4F3B /* gl_buffer_2_bmp.h */ = {isa = PBXFileReference; fileEncoding = 4; lastKnownFileType = sourcecode.c.h; path = gl_buffer_2_bmp.h; sourceTree = "<group>"; };
		18BA1D3615E4753C00AA4F3B /* gl_buffer_2_gl2ps.c */ = {isa = PBXFileReference; fileEncoding = 4; lastKnownFileType = sourcecode.c.c; path = gl_buffer_2_gl2ps.c; sourceTree = "<group>"; };
		18BA1D3715E4753C00AA4F3B /* gl_buffer_2_gl2ps.h */ = {isa = PBXFileReference; fileEncoding = 4; lastKnownFileType = sourcecode.c.h; path = gl_buffer_2_gl2ps.h; sourceTree = "<group>"; };
		18BA1D3815E4753C00AA4F3B /* gl_buffer_2_png.c */ = {isa = PBXFileReference; fileEncoding = 4; lastKnownFileType = sourcecode.c.c; path = gl_buffer_2_png.c; sourceTree = "<group>"; };
		18BA1D3915E4753C00AA4F3B /* gl_buffer_2_png.h */ = {isa = PBXFileReference; fileEncoding = 4; lastKnownFileType = sourcecode.c.h; path = gl_buffer_2_png.h; sourceTree = "<group>"; };
		18BA1D3A15E4753C00AA4F3B /* icosahedron_c.c */ = {isa = PBXFileReference; fileEncoding = 4; lastKnownFileType = sourcecode.c.c; path = icosahedron_c.c; sourceTree = "<group>"; };
		18BA1D3B15E4753C00AA4F3B /* icosahedron_c.h */ = {isa = PBXFileReference; fileEncoding = 4; lastKnownFileType = sourcecode.c.h; path = icosahedron_c.h; sourceTree = "<group>"; };
		18BA1D3C15E4753C00AA4F3B /* init_gl_lighting_c.c */ = {isa = PBXFileReference; fileEncoding = 4; lastKnownFileType = sourcecode.c.c; path = init_gl_lighting_c.c; sourceTree = "<group>"; };
		18BA1D3D15E4753C00AA4F3B /* init_gl_lighting_c.h */ = {isa = PBXFileReference; fileEncoding = 4; lastKnownFileType = sourcecode.c.h; path = init_gl_lighting_c.h; sourceTree = "<group>"; };
		18BA1D3E15E4753C00AA4F3B /* kemoviewer.h */ = {isa = PBXFileReference; fileEncoding = 4; lastKnownFileType = sourcecode.c.h; path = kemoviewer.h; sourceTree = "<group>"; };
		18BA1D3F15E4753C00AA4F3B /* kemoviewer_param_c.c */ = {isa = PBXFileReference; fileEncoding = 4; lastKnownFileType = sourcecode.c.c; path = kemoviewer_param_c.c; sourceTree = "<group>"; };
		18BA1D4015E4753C00AA4F3B /* kemoviewer_param_c.h */ = {isa = PBXFileReference; fileEncoding = 4; lastKnownFileType = sourcecode.c.h; path = kemoviewer_param_c.h; sourceTree = "<group>"; };
		18BA1D4115E4753C00AA4F3B /* m_gl_transfer_matrix.c */ = {isa = PBXFileReference; fileEncoding = 4; lastKnownFileType = sourcecode.c.c; path = m_gl_transfer_matrix.c; sourceTree = "<group>"; };
		18BA1D4215E4753C00AA4F3B /* m_gl_transfer_matrix.h */ = {isa = PBXFileReference; fileEncoding = 4; lastKnownFileType = sourcecode.c.h; path = m_gl_transfer_matrix.h; sourceTree = "<group>"; };
		18BA1D4315E4753C00AA4F3B /* m_kemoviewer_menu.c */ = {isa = PBXFileReference; fileEncoding = 4; lastKnownFileType = sourcecode.c.c; path = m_kemoviewer_menu.c; sourceTree = "<group>"; };
		18BA1D4415E4753C00AA4F3B /* m_kemoviewer_menu.h */ = {isa = PBXFileReference; fileEncoding = 4; lastKnownFileType = sourcecode.c.h; path = m_kemoviewer_menu.h; sourceTree = "<group>"; };
		18BA1D4515E4753C00AA4F3B /* m_kemoviewer_structure.c */ = {isa = PBXFileReference; fileEncoding = 4; lastKnownFileType = sourcecode.c.c; path = m_kemoviewer_structure.c; sourceTree = "<group>"; };
		18BA1D4615E4753C00AA4F3B /* m_kemoviewer_structure.h */ = {isa = PBXFileReference; fileEncoding = 4; lastKnownFileType = sourcecode.c.h; path = m_kemoviewer_structure.h; sourceTree = "<group>"; };
		18BA1D4715E4753C00AA4F3B /* Makefile */ = {isa = PBXFileReference; fileEncoding = 4; lastKnownFileType = sourcecode.make; path = Makefile; sourceTree = "<group>"; };
		18BA1D4815E4753C00AA4F3B /* modify_object_4_viewer_c.c */ = {isa = PBXFileReference; fileEncoding = 4; lastKnownFileType = sourcecode.c.c; path = modify_object_4_viewer_c.c; sourceTree = "<group>"; };
		18BA1D4915E4753C00AA4F3B /* modify_object_4_viewer_c.h */ = {isa = PBXFileReference; fileEncoding = 4; lastKnownFileType = sourcecode.c.h; path = modify_object_4_viewer_c.h; sourceTree = "<group>"; };
		18BA1D4A15E4753C00AA4F3B /* modify_stereo_view_gl.c */ = {isa = PBXFileReference; fileEncoding = 4; lastKnownFileType = sourcecode.c.c; path = modify_stereo_view_gl.c; sourceTree = "<group>"; };
		18BA1D4B15E4753C00AA4F3B /* modify_stereo_view_gl.h */ = {isa = PBXFileReference; fileEncoding = 4; lastKnownFileType = sourcecode.c.h; path = modify_stereo_view_gl.h; sourceTree = "<group>"; };
		18BA1D4C15E4753C00AA4F3B /* move_draw_objects_gl.c */ = {isa = PBXFileReference; fileEncoding = 4; lastKnownFileType = sourcecode.c.c; path = move_draw_objects_gl.c; sourceTree = "<group>"; };
		18BA1D4D15E4753C00AA4F3B /* move_draw_objects_gl.h */ = {isa = PBXFileReference; fileEncoding = 4; lastKnownFileType = sourcecode.c.h; path = move_draw_objects_gl.h; sourceTree = "<group>"; };
		18BA1D4E15E4753C00AA4F3B /* psf_data_array_manager.c */ = {isa = PBXFileReference; fileEncoding = 4; lastKnownFileType = sourcecode.c.c; path = psf_data_array_manager.c; sourceTree = "<group>"; };
		18BA1D4F15E4753C00AA4F3B /* psf_data_array_manager.h */ = {isa = PBXFileReference; fileEncoding = 4; lastKnownFileType = sourcecode.c.h; path = psf_data_array_manager.h; sourceTree = "<group>"; };
		18BA1D5015E4753C00AA4F3B /* rainbow_color_code_c.c */ = {isa = PBXFileReference; fileEncoding = 4; lastKnownFileType = sourcecode.c.c; path = rainbow_color_code_c.c; sourceTree = "<group>"; };
		18BA1D5115E4753C00AA4F3B /* rainbow_color_code_c.h */ = {isa = PBXFileReference; fileEncoding = 4; lastKnownFileType = sourcecode.c.h; path = rainbow_color_code_c.h; sourceTree = "<group>"; };
		18BA1D5215E4753C00AA4F3B /* read_data_4_kemoviewer.c */ = {isa = PBXFileReference; fileEncoding = 4; lastKnownFileType = sourcecode.c.c; path = read_data_4_kemoviewer.c; sourceTree = "<group>"; };
		18BA1D5315E4753C00AA4F3B /* read_data_4_kemoviewer.h */ = {isa = PBXFileReference; fileEncoding = 4; lastKnownFileType = sourcecode.c.h; path = read_data_4_kemoviewer.h; sourceTree = "<group>"; };
		18BA1D5415E4753C00AA4F3B /* rendereps_c.c */ = {isa = PBXFileReference; fileEncoding = 4; lastKnownFileType = sourcecode.c.c; path = rendereps_c.c; sourceTree = "<group>"; };
		18BA1D5515E4753C00AA4F3B /* rendereps_c.h */ = {isa = PBXFileReference; fileEncoding = 4; lastKnownFileType = sourcecode.c.h; path = rendereps_c.h; sourceTree = "<group>"; };
		18BA1D5615E4753C00AA4F3B /* rotate_animation.c */ = {isa = PBXFileReference; fileEncoding = 4; lastKnownFileType = sourcecode.c.c; path = rotate_animation.c; sourceTree = "<group>"; };
		18BA1D5715E4753C00AA4F3B /* rotate_animation.h */ = {isa = PBXFileReference; fileEncoding = 4; lastKnownFileType = sourcecode.c.h; path = rotate_animation.h; sourceTree = "<group>"; };
		18BA1D5815E4753C00AA4F3B /* set_color_code_on_nodes.c */ = {isa = PBXFileReference; fileEncoding = 4; lastKnownFileType = sourcecode.c.c; path = set_color_code_on_nodes.c; sourceTree = "<group>"; };
		18BA1D5915E4753C00AA4F3B /* set_color_code_on_nodes.h */ = {isa = PBXFileReference; fileEncoding = 4; lastKnownFileType = sourcecode.c.h; path = set_color_code_on_nodes.h; sourceTree = "<group>"; };
		18BA1D5A15E4753C00AA4F3B /* set_each_psf_parameters.c */ = {isa = PBXFileReference; fileEncoding = 4; lastKnownFileType = sourcecode.c.c; path = set_each_psf_parameters.c; sourceTree = "<group>"; };
		18BA1D5B15E4753C00AA4F3B /* set_each_psf_parameters.h */ = {isa = PBXFileReference; fileEncoding = 4; lastKnownFileType = sourcecode.c.h; path = set_each_psf_parameters.h; sourceTree = "<group>"; };
		18BA1D5C15E4753C00AA4F3B /* set_kemoviewer_ucd_data.c */ = {isa = PBXFileReference; fileEncoding = 4; lastKnownFileType = sourcecode.c.c; path = set_kemoviewer_ucd_data.c; sourceTree = "<group>"; };
		18BA1D5D15E4753C00AA4F3B /* set_kemoviewer_ucd_data.h */ = {isa = PBXFileReference; fileEncoding = 4; lastKnownFileType = sourcecode.c.h; path = set_kemoviewer_ucd_data.h; sourceTree = "<group>"; };
		18BA1D5E15E4753C00AA4F3B /* set_texture_4_psf.c */ = {isa = PBXFileReference; fileEncoding = 4; lastKnownFileType = sourcecode.c.c; path = set_texture_4_psf.c; sourceTree = "<group>"; };
		18BA1D5F15E4753C00AA4F3B /* set_texture_4_psf.h */ = {isa = PBXFileReference; fileEncoding = 4; lastKnownFileType = sourcecode.c.h; path = set_texture_4_psf.h; sourceTree = "<group>"; };
		18BA1D6015E4753C00AA4F3B /* sort_by_patch_distance.c */ = {isa = PBXFileReference; fileEncoding = 4; lastKnownFileType = sourcecode.c.c; path = sort_by_patch_distance.c; sourceTree = "<group>"; };
		18BA1D6115E4753C00AA4F3B /* sort_by_patch_distance.h */ = {isa = PBXFileReference; fileEncoding = 4; lastKnownFileType = sourcecode.c.h; path = sort_by_patch_distance.h; sourceTree = "<group>"; };
		18BA1D6215E4753C00AA4F3B /* trackball.c */ = {isa = PBXFileReference; fileEncoding = 4; lastKnownFileType = sourcecode.c.c; path = trackball.c; sourceTree = "<group>"; };
		18BA1D6315E4753C00AA4F3B /* trackball.h */ = {isa = PBXFileReference; fileEncoding = 4; lastKnownFileType = sourcecode.c.h; path = trackball.h; sourceTree = "<group>"; };
		18BA1D6415E4753C00AA4F3B /* write_gl_window_to_file.c */ = {isa = PBXFileReference; fileEncoding = 4; lastKnownFileType = sourcecode.c.c; path = write_gl_window_to_file.c; sourceTree = "<group>"; };
		18BA1D6515E4753C00AA4F3B /* write_gl_window_to_file.h */ = {isa = PBXFileReference; fileEncoding = 4; lastKnownFileType = sourcecode.c.h; path = write_gl_window_to_file.h; sourceTree = "<group>"; };
		18BA1D6615E4753C00AA4F3B /* write_modelview_matrix.c */ = {isa = PBXFileReference; fileEncoding = 4; lastKnownFileType = sourcecode.c.c; path = write_modelview_matrix.c; sourceTree = "<group>"; };
		18BA1D6715E4753C00AA4F3B /* write_modelview_matrix.h */ = {isa = PBXFileReference; fileEncoding = 4; lastKnownFileType = sourcecode.c.h; path = write_modelview_matrix.h; sourceTree = "<group>"; };
		18BA1D6815E4753C00AA4F3B /* ysglusefontbitmap.c */ = {isa = PBXFileReference; fileEncoding = 4; lastKnownFileType = sourcecode.c.c; path = ysglusefontbitmap.c; sourceTree = "<group>"; };
		18BA1D6915E4753C00AA4F3B /* ysglusefontbitmap.h */ = {isa = PBXFileReference; fileEncoding = 4; lastKnownFileType = sourcecode.c.h; path = ysglusefontbitmap.h; sourceTree = "<group>"; };
		18C4C490140623420019B915 /* ColorMapController.h */ = {isa = PBXFileReference; fileEncoding = 4; lastKnownFileType = sourcecode.c.h; path = ColorMapController.h; sourceTree = "<group>"; };
		18C4C491140623420019B915 /* ColorMapController.m */ = {isa = PBXFileReference; fileEncoding = 4; lastKnownFileType = sourcecode.c.objc; path = ColorMapController.m; sourceTree = "<group>"; };
		18C4C492140623420019B915 /* DomainTableController.h */ = {isa = PBXFileReference; fileEncoding = 4; lastKnownFileType = sourcecode.c.h; path = DomainTableController.h; sourceTree = "<group>"; };
		18C4C493140623420019B915 /* DomainTableController.m */ = {isa = PBXFileReference; fileEncoding = 4; lastKnownFileType = sourcecode.c.objc; path = DomainTableController.m; sourceTree = "<group>"; };
		18C4C496140623420019B915 /* ElementGroupTableController.h */ = {isa = PBXFileReference; fileEncoding = 4; lastKnownFileType = sourcecode.c.h; path = ElementGroupTableController.h; sourceTree = "<group>"; };
		18C4C497140623420019B915 /* ElementGroupTableController.m */ = {isa = PBXFileReference; fileEncoding = 4; lastKnownFileType = sourcecode.c.objc; path = ElementGroupTableController.m; sourceTree = "<group>"; };
		18C4C498140623420019B915 /* fillRectView.h */ = {isa = PBXFileReference; fileEncoding = 4; lastKnownFileType = sourcecode.c.h; path = fillRectView.h; sourceTree = "<group>"; };
		18C4C499140623420019B915 /* fillRectView.m */ = {isa = PBXFileReference; fileEncoding = 4; lastKnownFileType = sourcecode.c.objc; path = fillRectView.m; sourceTree = "<group>"; };
		18C4C49A140623420019B915 /* FlineController.h */ = {isa = PBXFileReference; fileEncoding = 4; lastKnownFileType = sourcecode.c.h; path = FlineController.h; sourceTree = "<group>"; };
		18C4C49B140623420019B915 /* FlineController.m */ = {isa = PBXFileReference; fileEncoding = 4; lastKnownFileType = sourcecode.c.objc; path = FlineController.m; sourceTree = "<group>"; };
		18C4C49E140623420019B915 /* GLString.h */ = {isa = PBXFileReference; fileEncoding = 4; lastKnownFileType = sourcecode.c.h; path = GLString.h; sourceTree = "<group>"; };
		18C4C49F140623420019B915 /* GLString.m */ = {isa = PBXFileReference; fileEncoding = 4; lastKnownFileType = sourcecode.c.objc; path = GLString.m; sourceTree = "<group>"; };
		18C4C4A2140623420019B915 /* Kemoview_IO_Controller.h */ = {isa = PBXFileReference; fileEncoding = 4; lastKnownFileType = sourcecode.c.h; path = Kemoview_IO_Controller.h; sourceTree = "<group>"; };
		18C4C4A3140623420019B915 /* Kemoview_IO_Controller.m */ = {isa = PBXFileReference; fileEncoding = 4; lastKnownFileType = sourcecode.c.objc; path = Kemoview_IO_Controller.m; sourceTree = "<group>"; };
		18C4C4A4140623420019B915 /* KemoviewerController.h */ = {isa = PBXFileReference; fileEncoding = 4; lastKnownFileType = sourcecode.c.h; path = KemoviewerController.h; sourceTree = "<group>"; };
		18C4C4A5140623420019B915 /* KemoviewerController.m */ = {isa = PBXFileReference; fileEncoding = 4; lastKnownFileType = sourcecode.c.objc; path = KemoviewerController.m; sourceTree = "<group>"; };
		18C4C4A6140623420019B915 /* KemoviewerObjectController.h */ = {isa = PBXFileReference; fileEncoding = 4; lastKnownFileType = sourcecode.c.h; path = KemoviewerObjectController.h; sourceTree = "<group>"; };
		18C4C4A7140623420019B915 /* KemoviewerObjectController.m */ = {isa = PBXFileReference; fileEncoding = 4; lastKnownFileType = sourcecode.c.objc; path = KemoviewerObjectController.m; sourceTree = "<group>"; };
		18C4C4A8140623420019B915 /* KemoViewerOpenGLView.h */ = {isa = PBXFileReference; fileEncoding = 4; lastKnownFileType = sourcecode.c.h; path = KemoViewerOpenGLView.h; sourceTree = "<group>"; };
		18C4C4A9140623420019B915 /* KemoViewerOpenGLView.m */ = {isa = PBXFileReference; fileEncoding = 4; lastKnownFileType = sourcecode.c.objc; path = KemoViewerOpenGLView.m; sourceTree = "<group>"; };
		18C4C4AA140623420019B915 /* KemoviewIoObjectController.h */ = {isa = PBXFileReference; fileEncoding = 4; lastKnownFileType = sourcecode.c.h; path = KemoviewIoObjectController.h; sourceTree = "<group>"; };
		18C4C4AB140623420019B915 /* KemoviewIoObjectController.m */ = {isa = PBXFileReference; fileEncoding = 4; lastKnownFileType = sourcecode.c.objc; path = KemoviewIoObjectController.m; sourceTree = "<group>"; };
		18C4C4B0140623420019B915 /* NodeGroupTableController.h */ = {isa = PBXFileReference; fileEncoding = 4; lastKnownFileType = sourcecode.c.h; path = NodeGroupTableController.h; sourceTree = "<group>"; };
		18C4C4B1140623420019B915 /* NodeGroupTableController.m */ = {isa = PBXFileReference; fileEncoding = 4; lastKnownFileType = sourcecode.c.objc; path = NodeGroupTableController.m; sourceTree = "<group>"; };
		18C4C4B2140623420019B915 /* OpacityMapController.h */ = {isa = PBXFileReference; fileEncoding = 4; lastKnownFileType = sourcecode.c.h; path = OpacityMapController.h; sourceTree = "<group>"; };
		18C4C4B3140623420019B915 /* OpacityMapController.m */ = {isa = PBXFileReference; fileEncoding = 4; lastKnownFileType = sourcecode.c.objc; path = OpacityMapController.m; sourceTree = "<group>"; };
		18C4C4B4140623420019B915 /* PsfController.h */ = {isa = PBXFileReference; fileEncoding = 4; lastKnownFileType = sourcecode.c.h; path = PsfController.h; sourceTree = "<group>"; };
		18C4C4B5140623420019B915 /* PsfController.m */ = {isa = PBXFileReference; fileEncoding = 4; lastKnownFileType = sourcecode.c.objc; path = PsfController.m; sourceTree = "<group>"; };
		18C4C4B6140623420019B915 /* ResetViewControll.h */ = {isa = PBXFileReference; fileEncoding = 4; lastKnownFileType = sourcecode.c.h; path = ResetViewControll.h; sourceTree = "<group>"; };
		18C4C4B7140623420019B915 /* ResetViewControll.m */ = {isa = PBXFileReference; fileEncoding = 4; lastKnownFileType = sourcecode.c.objc; path = ResetViewControll.m; sourceTree = "<group>"; };
		18C4C4B8140623420019B915 /* RGBAMapController.h */ = {isa = PBXFileReference; fileEncoding = 4; lastKnownFileType = sourcecode.c.h; path = RGBAMapController.h; sourceTree = "<group>"; };
		18C4C4B9140623420019B915 /* RGBAMapController.m */ = {isa = PBXFileReference; fileEncoding = 4; lastKnownFileType = sourcecode.c.objc; path = RGBAMapController.m; sourceTree = "<group>"; };
		18C4C4BA140623420019B915 /* SurfaceGroupTableController.h */ = {isa = PBXFileReference; fileEncoding = 4; lastKnownFileType = sourcecode.c.h; path = SurfaceGroupTableController.h; sourceTree = "<group>"; };
		18C4C4BB140623420019B915 /* SurfaceGroupTableController.m */ = {isa = PBXFileReference; fileEncoding = 4; lastKnownFileType = sourcecode.c.objc; path = SurfaceGroupTableController.m; sourceTree = "<group>"; };
		1DDD58150DA1D0A300B32029 /* English */ = {isa = PBXFileReference; lastKnownFileType = file.xib; name = English; path = English.lproj/MainMenu.xib; sourceTree = "<group>"; };
		29B97316FDCFA39411CA2CEA /* main.m */ = {isa = PBXFileReference; fileEncoding = 4; lastKnownFileType = sourcecode.c.objc; path = main.m; sourceTree = "<group>"; };
		29B97324FDCFA39411CA2CEA /* AppKit.framework */ = {isa = PBXFileReference; lastKnownFileType = wrapper.framework; name = AppKit.framework; path = /System/Library/Frameworks/AppKit.framework; sourceTree = "<absolute>"; };
		29B97325FDCFA39411CA2CEA /* Foundation.framework */ = {isa = PBXFileReference; lastKnownFileType = wrapper.framework; name = Foundation.framework; path = /System/Library/Frameworks/Foundation.framework; sourceTree = "<absolute>"; };
		8D1107310486CEB800E47090 /* Colormap_Editor-Info.plist */ = {isa = PBXFileReference; fileEncoding = 4; lastKnownFileType = text.plist.xml; path = "Colormap_Editor-Info.plist"; sourceTree = "<group>"; };
		8D1107320486CEB800E47090 /* Colormap_Editor.app */ = {isa = PBXFileReference; explicitFileType = wrapper.application; includeInIndex = 0; path = Colormap_Editor.app; sourceTree = BUILT_PRODUCTS_DIR; };
/* End PBXFileReference section */

/* Begin PBXFrameworksBuildPhase section */
		8D11072E0486CEB800E47090 /* Frameworks */ = {
			isa = PBXFrameworksBuildPhase;
			buildActionMask = 2147483647;
			files = (
				8D11072F0486CEB800E47090 /* Cocoa.framework in Frameworks */,
				1878DDBA1405A7F10081E876 /* libpng.dylib in Frameworks */,
				1878DDBB1405A7F10081E876 /* OpenGL.framework in Frameworks */,
				1878DDBC1405A7F10081E876 /* libz.dylib in Frameworks */,
			);
			runOnlyForDeploymentPostprocessing = 0;
		};
/* End PBXFrameworksBuildPhase section */

/* Begin PBXGroup section */
		080E96DDFE201D6D7F000001 /* Classes */ = {
			isa = PBXGroup;
			children = (
				18C4C48F140623420019B915 /* Obj_C */,
				1878DEFB1405A8CD0081E876 /* Colormap_EditorAppDelegate.h */,
				1878DEFC1405A8CD0081E876 /* Colormap_EditorAppDelegate.m */,
			);
			name = Classes;
			sourceTree = "<group>";
		};
		1058C7A0FEA54F0111CA2CBB /* Linked Frameworks */ = {
			isa = PBXGroup;
			children = (
				1878DDB61405A7F10081E876 /* png.h */,
				1878DDB71405A7F10081E876 /* libpng.dylib */,
				1878DDB81405A7F10081E876 /* OpenGL.framework */,
				1878DDB91405A7F10081E876 /* libz.dylib */,
				1058C7A1FEA54F0111CA2CBB /* Cocoa.framework */,
				1878DDBF1405A8000081E876 /* QTKit.framework */,
			);
			name = "Linked Frameworks";
			sourceTree = "<group>";
		};
		1058C7A2FEA54F0111CA2CBB /* Other Frameworks */ = {
			isa = PBXGroup;
			children = (
				29B97324FDCFA39411CA2CEA /* AppKit.framework */,
				13E42FB307B3F0F600E4EEF1 /* CoreData.framework */,
				29B97325FDCFA39411CA2CEA /* Foundation.framework */,
			);
			name = "Other Frameworks";
			sourceTree = "<group>";
		};
		18BA1CB315E4747000AA4F3B /* gl2ps-1.3.6 */ = {
			isa = PBXGroup;
			children = (
				18BA1CB615E4747000AA4F3B /* gl2ps.c */,
				18BA1CB715E4747000AA4F3B /* gl2ps.h */,
			);
			name = "gl2ps-1.3.6";
			path = "../External_libs/gl2ps-1.3.6";
			sourceTree = "<group>";
		};
		18BA1CC715E4753C00AA4F3B /* CORE_C */ = {
			isa = PBXGroup;
			children = (
				18BA1CC815E4753C00AA4F3B /* cal_surface_center_normal_c.c */,
				18BA1CC915E4753C00AA4F3B /* cal_surface_center_normal_c.h */,
				18BA1CCA15E4753C00AA4F3B /* check_psf_data_viewer_c.c */,
				18BA1CCB15E4753C00AA4F3B /* check_psf_data_viewer_c.h */,
				18BA1CCC15E4753C00AA4F3B /* check_viewer_mesh_c.c */,
				18BA1CCD15E4753C00AA4F3B /* check_viewer_mesh_c.h */,
				18BA1CCE15E4753C00AA4F3B /* coordinate_converter_c.c */,
				18BA1CCF15E4753C00AA4F3B /* coordinate_converter_c.h */,
				18BA1CD015E4753C00AA4F3B /* get_ysglbitmap.c */,
				18BA1CD115E4753C00AA4F3B /* get_ysglbitmap.h */,
				18BA1CD215E4753C00AA4F3B /* jacobian_trilinear_c.c */,
				18BA1CD315E4753C00AA4F3B /* jacobian_trilinear_c.h */,
				18BA1CD415E4753C00AA4F3B /* kemo_zlib_io_c.c */,
				18BA1CD515E4753C00AA4F3B /* kemo_zlib_io_c.h */,
				18BA1CD615E4753C00AA4F3B /* kemosrc_param_c.c */,
				18BA1CD715E4753C00AA4F3B /* kemosrc_param_c.h */,
				18BA1CD815E4753C00AA4F3B /* m_color_table_c.c */,
				18BA1CD915E4753C00AA4F3B /* m_color_table_c.h */,
				18BA1CDA15E4753C00AA4F3B /* m_grouping_mesh_4_viewer_c.c */,
				18BA1CDB15E4753C00AA4F3B /* m_grouping_mesh_4_viewer_c.h */,
				18BA1CDC15E4753C00AA4F3B /* m_map_data_4_viewer_c.c */,
				18BA1CDD15E4753C00AA4F3B /* m_map_data_4_viewer_c.h */,
				18BA1CDE15E4753C00AA4F3B /* m_psf_data_4_viewer_c.c */,
				18BA1CDF15E4753C00AA4F3B /* m_psf_data_4_viewer_c.h */,
				18BA1CE015E4753C00AA4F3B /* m_surface_mesh_4_viewer_c.c */,
				18BA1CE115E4753C00AA4F3B /* m_surface_mesh_4_viewer_c.h */,
				18BA1CE215E4753C00AA4F3B /* Makefile */,
				18BA1CE315E4753C00AA4F3B /* numbers_to_bin_c.c */,
				18BA1CE415E4753C00AA4F3B /* numbers_to_bin_c.h */,
				18BA1CE515E4753C00AA4F3B /* projection_patch_to_map.c */,
				18BA1CE615E4753C00AA4F3B /* projection_patch_to_map.h */,
				18BA1CE715E4753C00AA4F3B /* quicksort_c.c */,
				18BA1CE815E4753C00AA4F3B /* quicksort_c.h */,
				18BA1CE915E4753C00AA4F3B /* read_grouping_mesh_c.c */,
				18BA1CEA15E4753C00AA4F3B /* read_grouping_mesh_c.h */,
				18BA1CEB15E4753C00AA4F3B /* read_image_2_bmp.c */,
				18BA1CEC15E4753C00AA4F3B /* read_image_2_bmp.h */,
				18BA1CED15E4753C00AA4F3B /* read_image_2_png.c */,
				18BA1CEE15E4753C00AA4F3B /* read_image_2_png.h */,
				18BA1CEF15E4753C00AA4F3B /* read_psf_data_gz_c.c */,
				18BA1CF015E4753C00AA4F3B /* read_psf_data_gz_c.h */,
				18BA1CF115E4753C00AA4F3B /* read_psf_data_viewer_c.c */,
				18BA1CF215E4753C00AA4F3B /* read_psf_data_viewer_c.h */,
				18BA1CF315E4753C00AA4F3B /* read_viewer_mesh_c.c */,
				18BA1CF415E4753C00AA4F3B /* read_viewer_mesh_c.h */,
				18BA1CF515E4753C00AA4F3B /* read_viewer_mesh_gz_c.c */,
				18BA1CF615E4753C00AA4F3B /* read_viewer_mesh_gz_c.h */,
				18BA1CF715E4753C00AA4F3B /* set_map_data_4_viewer_c.c */,
				18BA1CF815E4753C00AA4F3B /* set_map_data_4_viewer_c.h */,
				18BA1CF915E4753C00AA4F3B /* set_new_patch_4_map_c.c */,
				18BA1CFA15E4753C00AA4F3B /* set_new_patch_4_map_c.h */,
				18BA1CFB15E4753C00AA4F3B /* set_normal_on_node_4_mesh.c */,
				18BA1CFC15E4753C00AA4F3B /* set_normal_on_node_4_mesh.h */,
				18BA1CFD15E4753C00AA4F3B /* set_psf_viewer.c */,
				18BA1CFE15E4753C00AA4F3B /* set_psf_viewer.h */,
				18BA1CFF15E4753C00AA4F3B /* set_rgb_colors_c.c */,
				18BA1D0015E4753C00AA4F3B /* set_rgb_colors_c.h */,
				18BA1D0115E4753C00AA4F3B /* set_rgba_table_c.c */,
				18BA1D0215E4753C00AA4F3B /* set_rgba_table_c.h */,
				18BA1D0315E4753C00AA4F3B /* set_surface_mesh_data.c */,
				18BA1D0415E4753C00AA4F3B /* set_surface_mesh_data.h */,
				18BA1D0515E4753C00AA4F3B /* skip_comment_c.c */,
				18BA1D0615E4753C00AA4F3B /* skip_comment_c.h */,
				18BA1D0715E4753C00AA4F3B /* take_normal_psf_c.c */,
				18BA1D0815E4753C00AA4F3B /* take_normal_psf_c.h */,
				18BA1D0915E4753C00AA4F3B /* take_normal_surf_mesh_c.c */,
				18BA1D0A15E4753C00AA4F3B /* take_normal_surf_mesh_c.h */,
				18BA1D0B15E4753C00AA4F3B /* transfer_matvec.c */,
				18BA1D0C15E4753C00AA4F3B /* transfer_matvec.h */,
				18BA1D0D15E4753C00AA4F3B /* write_image_2_bmp.c */,
				18BA1D0E15E4753C00AA4F3B /* write_image_2_bmp.h */,
				18BA1D0F15E4753C00AA4F3B /* write_image_2_png.c */,
				18BA1D1015E4753C00AA4F3B /* write_image_2_png.h */,
				18BA1D1115E4753C00AA4F3B /* ysglfontdata.c */,
				18BA1D1215E4753C00AA4F3B /* ysglfontdata.h */,
			);
			path = CORE_C;
			sourceTree = "<group>";
		};
		18BA1D1315E4753C00AA4F3B /* KEMO_GL */ = {
			isa = PBXGroup;
			children = (
				18BA1D1415E4753C00AA4F3B /* coastline_c.c */,
				18BA1D1515E4753C00AA4F3B /* coastline_c.h */,
				18BA1D1615E4753C00AA4F3B /* draw_axis_c.c */,
				18BA1D1715E4753C00AA4F3B /* draw_axis_c.h */,
				18BA1D1815E4753C00AA4F3B /* draw_coastline.c */,
				18BA1D1915E4753C00AA4F3B /* draw_coastline.h */,
				18BA1D1A15E4753C00AA4F3B /* draw_colorbar_gl.c */,
				18BA1D1B15E4753C00AA4F3B /* draw_colorbar_gl.h */,
				18BA1D1C15E4753C00AA4F3B /* draw_fieldlines.c */,
				18BA1D1D15E4753C00AA4F3B /* draw_fieldlines.h */,
				18BA1D1E15E4753C00AA4F3B /* draw_grids_4_mesh.c */,
				18BA1D1F15E4753C00AA4F3B /* draw_grids_4_mesh.h */,
				18BA1D2015E4753C00AA4F3B /* draw_isolines_4_map.c */,
				18BA1D2115E4753C00AA4F3B /* draw_isolines_4_map.h */,
				18BA1D2215E4753C00AA4F3B /* draw_isolines_4_PSF.c */,
				18BA1D2315E4753C00AA4F3B /* draw_isolines_4_PSF.h */,
				18BA1D2415E4753C00AA4F3B /* draw_mapgrid.c */,
				18BA1D2515E4753C00AA4F3B /* draw_mapgrid.h */,
				18BA1D2615E4753C00AA4F3B /* draw_menu_bottun_gl.c */,
				18BA1D2715E4753C00AA4F3B /* draw_menu_bottun_gl.h */,
				18BA1D2815E4753C00AA4F3B /* draw_node_by_ico_c.c */,
				18BA1D2915E4753C00AA4F3B /* draw_node_by_ico_c.h */,
				18BA1D2A15E4753C00AA4F3B /* draw_object_kemo.c */,
				18BA1D2B15E4753C00AA4F3B /* draw_object_kemo.h */,
				18BA1D2C15E4753C00AA4F3B /* draw_patch_4_mesh_c.c */,
				18BA1D2D15E4753C00AA4F3B /* draw_patch_4_mesh_c.h */,
				18BA1D2E15E4753C00AA4F3B /* draw_patches_4_PSF.c */,
				18BA1D2F15E4753C00AA4F3B /* draw_patches_4_PSF.h */,
				18BA1D3015E4753C00AA4F3B /* drawcube_gl.c */,
				18BA1D3115E4753C00AA4F3B /* drawcube_gl.h */,
				18BA1D3215E4753C00AA4F3B /* find_isoline_on_patch_c.c */,
				18BA1D3315E4753C00AA4F3B /* find_isoline_on_patch_c.h */,
				18BA1D3415E4753C00AA4F3B /* gl_buffer_2_bmp.c */,
				18BA1D3515E4753C00AA4F3B /* gl_buffer_2_bmp.h */,
				18BA1D3615E4753C00AA4F3B /* gl_buffer_2_gl2ps.c */,
				18BA1D3715E4753C00AA4F3B /* gl_buffer_2_gl2ps.h */,
				18BA1D3815E4753C00AA4F3B /* gl_buffer_2_png.c */,
				18BA1D3915E4753C00AA4F3B /* gl_buffer_2_png.h */,
				18BA1D3A15E4753C00AA4F3B /* icosahedron_c.c */,
				18BA1D3B15E4753C00AA4F3B /* icosahedron_c.h */,
				18BA1D3C15E4753C00AA4F3B /* init_gl_lighting_c.c */,
				18BA1D3D15E4753C00AA4F3B /* init_gl_lighting_c.h */,
				18BA1D3E15E4753C00AA4F3B /* kemoviewer.h */,
				18BA1D3F15E4753C00AA4F3B /* kemoviewer_param_c.c */,
				18BA1D4015E4753C00AA4F3B /* kemoviewer_param_c.h */,
				18BA1D4115E4753C00AA4F3B /* m_gl_transfer_matrix.c */,
				18BA1D4215E4753C00AA4F3B /* m_gl_transfer_matrix.h */,
				18BA1D4315E4753C00AA4F3B /* m_kemoviewer_menu.c */,
				18BA1D4415E4753C00AA4F3B /* m_kemoviewer_menu.h */,
				18BA1D4515E4753C00AA4F3B /* m_kemoviewer_structure.c */,
				18BA1D4615E4753C00AA4F3B /* m_kemoviewer_structure.h */,
				18BA1D4715E4753C00AA4F3B /* Makefile */,
				18BA1D4815E4753C00AA4F3B /* modify_object_4_viewer_c.c */,
				18BA1D4915E4753C00AA4F3B /* modify_object_4_viewer_c.h */,
				18BA1D4A15E4753C00AA4F3B /* modify_stereo_view_gl.c */,
				18BA1D4B15E4753C00AA4F3B /* modify_stereo_view_gl.h */,
				18BA1D4C15E4753C00AA4F3B /* move_draw_objects_gl.c */,
				18BA1D4D15E4753C00AA4F3B /* move_draw_objects_gl.h */,
				18BA1D4E15E4753C00AA4F3B /* psf_data_array_manager.c */,
				18BA1D4F15E4753C00AA4F3B /* psf_data_array_manager.h */,
				18BA1D5015E4753C00AA4F3B /* rainbow_color_code_c.c */,
				18BA1D5115E4753C00AA4F3B /* rainbow_color_code_c.h */,
				18BA1D5215E4753C00AA4F3B /* read_data_4_kemoviewer.c */,
				18BA1D5315E4753C00AA4F3B /* read_data_4_kemoviewer.h */,
				18BA1D5415E4753C00AA4F3B /* rendereps_c.c */,
				18BA1D5515E4753C00AA4F3B /* rendereps_c.h */,
				18BA1D5615E4753C00AA4F3B /* rotate_animation.c */,
				18BA1D5715E4753C00AA4F3B /* rotate_animation.h */,
				18BA1D5815E4753C00AA4F3B /* set_color_code_on_nodes.c */,
				18BA1D5915E4753C00AA4F3B /* set_color_code_on_nodes.h */,
				18BA1D5A15E4753C00AA4F3B /* set_each_psf_parameters.c */,
				18BA1D5B15E4753C00AA4F3B /* set_each_psf_parameters.h */,
				18BA1D5C15E4753C00AA4F3B /* set_kemoviewer_ucd_data.c */,
				18BA1D5D15E4753C00AA4F3B /* set_kemoviewer_ucd_data.h */,
				18BA1D5E15E4753C00AA4F3B /* set_texture_4_psf.c */,
				18BA1D5F15E4753C00AA4F3B /* set_texture_4_psf.h */,
				18BA1D6015E4753C00AA4F3B /* sort_by_patch_distance.c */,
				18BA1D6115E4753C00AA4F3B /* sort_by_patch_distance.h */,
				18BA1D6215E4753C00AA4F3B /* trackball.c */,
				18BA1D6315E4753C00AA4F3B /* trackball.h */,
				18BA1D6415E4753C00AA4F3B /* write_gl_window_to_file.c */,
				18BA1D6515E4753C00AA4F3B /* write_gl_window_to_file.h */,
				18BA1D6615E4753C00AA4F3B /* write_modelview_matrix.c */,
				18BA1D6715E4753C00AA4F3B /* write_modelview_matrix.h */,
				18BA1D6815E4753C00AA4F3B /* ysglusefontbitmap.c */,
				18BA1D6915E4753C00AA4F3B /* ysglusefontbitmap.h */,
			);
			path = KEMO_GL;
			sourceTree = "<group>";
		};
		18C4C409140623420019B915 /* C_src */ = {
			isa = PBXGroup;
			children = (
				18BA1CC715E4753C00AA4F3B /* CORE_C */,
				18BA1D1315E4753C00AA4F3B /* KEMO_GL */,
				18BA1CB315E4747000AA4F3B /* gl2ps-1.3.6 */,
			);
			name = C_src;
			path = ../../C_src;
			sourceTree = SOURCE_ROOT;
		};
		18C4C48F140623420019B915 /* Obj_C */ = {
			isa = PBXGroup;
			children = (
				18C4C490140623420019B915 /* ColorMapController.h */,
				18C4C491140623420019B915 /* ColorMapController.m */,
				18C4C492140623420019B915 /* DomainTableController.h */,
				18C4C493140623420019B915 /* DomainTableController.m */,
				18C4C496140623420019B915 /* ElementGroupTableController.h */,
				18C4C497140623420019B915 /* ElementGroupTableController.m */,
				18C4C498140623420019B915 /* fillRectView.h */,
				18C4C499140623420019B915 /* fillRectView.m */,
				18C4C49A140623420019B915 /* FlineController.h */,
				18C4C49B140623420019B915 /* FlineController.m */,
				18C4C49E140623420019B915 /* GLString.h */,
				18C4C49F140623420019B915 /* GLString.m */,
				18C4C4A2140623420019B915 /* Kemoview_IO_Controller.h */,
				18C4C4A3140623420019B915 /* Kemoview_IO_Controller.m */,
				18C4C4A4140623420019B915 /* KemoviewerController.h */,
				18C4C4A5140623420019B915 /* KemoviewerController.m */,
				18C4C4A6140623420019B915 /* KemoviewerObjectController.h */,
				18C4C4A7140623420019B915 /* KemoviewerObjectController.m */,
				18C4C4A8140623420019B915 /* KemoViewerOpenGLView.h */,
				18C4C4A9140623420019B915 /* KemoViewerOpenGLView.m */,
				18C4C4AA140623420019B915 /* KemoviewIoObjectController.h */,
				18C4C4AB140623420019B915 /* KemoviewIoObjectController.m */,
				18C4C4B0140623420019B915 /* NodeGroupTableController.h */,
				18C4C4B1140623420019B915 /* NodeGroupTableController.m */,
				18C4C4B2140623420019B915 /* OpacityMapController.h */,
				18C4C4B3140623420019B915 /* OpacityMapController.m */,
				18C4C4B4140623420019B915 /* PsfController.h */,
				18C4C4B5140623420019B915 /* PsfController.m */,
				18C4C4B6140623420019B915 /* ResetViewControll.h */,
				18C4C4B7140623420019B915 /* ResetViewControll.m */,
				18C4C4B8140623420019B915 /* RGBAMapController.h */,
				18C4C4B9140623420019B915 /* RGBAMapController.m */,
				18C4C4BA140623420019B915 /* SurfaceGroupTableController.h */,
				18C4C4BB140623420019B915 /* SurfaceGroupTableController.m */,
			);
			name = Obj_C;
			path = ../../C_src/Obj_C;
			sourceTree = "<group>";
		};
		19C28FACFE9D520D11CA2CBB /* Products */ = {
			isa = PBXGroup;
			children = (
				8D1107320486CEB800E47090 /* Colormap_Editor.app */,
			);
			name = Products;
			sourceTree = "<group>";
		};
		29B97314FDCFA39411CA2CEA /* Colormap_Editor */ = {
			isa = PBXGroup;
			children = (
				18C4C409140623420019B915 /* C_src */,
				080E96DDFE201D6D7F000001 /* Classes */,
				29B97315FDCFA39411CA2CEA /* Other Sources */,
				29B97317FDCFA39411CA2CEA /* Resources */,
				29B97323FDCFA39411CA2CEA /* Frameworks */,
				19C28FACFE9D520D11CA2CBB /* Products */,
			);
			name = Colormap_Editor;
			sourceTree = "<group>";
		};
		29B97315FDCFA39411CA2CEA /* Other Sources */ = {
			isa = PBXGroup;
			children = (
				29B97316FDCFA39411CA2CEA /* main.m */,
			);
			name = "Other Sources";
			sourceTree = "<group>";
		};
		29B97317FDCFA39411CA2CEA /* Resources */ = {
			isa = PBXGroup;
			children = (
				8D1107310486CEB800E47090 /* Colormap_Editor-Info.plist */,
				089C165CFE840E0CC02AAC07 /* InfoPlist.strings */,
				1DDD58140DA1D0A300B32029 /* MainMenu.xib */,
			);
			name = Resources;
			sourceTree = "<group>";
		};
		29B97323FDCFA39411CA2CEA /* Frameworks */ = {
			isa = PBXGroup;
			children = (
				1058C7A0FEA54F0111CA2CBB /* Linked Frameworks */,
				1058C7A2FEA54F0111CA2CBB /* Other Frameworks */,
			);
			name = Frameworks;
			sourceTree = "<group>";
		};
/* End PBXGroup section */

/* Begin PBXNativeTarget section */
		8D1107260486CEB800E47090 /* Colormap_Editor */ = {
			isa = PBXNativeTarget;
			buildConfigurationList = C01FCF4A08A954540054247B /* Build configuration list for PBXNativeTarget "Colormap_Editor" */;
			buildPhases = (
				8D1107290486CEB800E47090 /* Resources */,
				8D11072C0486CEB800E47090 /* Sources */,
				8D11072E0486CEB800E47090 /* Frameworks */,
			);
			buildRules = (
			);
			dependencies = (
			);
			name = Colormap_Editor;
			productInstallPath = "$(HOME)/Applications";
			productName = Colormap_Editor;
			productReference = 8D1107320486CEB800E47090 /* Colormap_Editor.app */;
			productType = "com.apple.product-type.application";
		};
/* End PBXNativeTarget section */

/* Begin PBXProject section */
		29B97313FDCFA39411CA2CEA /* Project object */ = {
			isa = PBXProject;
			buildConfigurationList = C01FCF4E08A954540054247B /* Build configuration list for PBXProject "Colormap_Editor" */;
			compatibilityVersion = "Xcode 3.1";
			developmentRegion = English;
			hasScannedForEncodings = 1;
			knownRegions = (
				English,
				Japanese,
				French,
				German,
			);
			mainGroup = 29B97314FDCFA39411CA2CEA /* Colormap_Editor */;
			projectDirPath = "";
			projectRoot = "";
			targets = (
				8D1107260486CEB800E47090 /* Colormap_Editor */,
			);
		};
/* End PBXProject section */

/* Begin PBXResourcesBuildPhase section */
		8D1107290486CEB800E47090 /* Resources */ = {
			isa = PBXResourcesBuildPhase;
			buildActionMask = 2147483647;
			files = (
				8D11072B0486CEB800E47090 /* InfoPlist.strings in Resources */,
				1DDD58160DA1D0A300B32029 /* MainMenu.xib in Resources */,
			);
			runOnlyForDeploymentPostprocessing = 0;
		};
/* End PBXResourcesBuildPhase section */

/* Begin PBXSourcesBuildPhase section */
		8D11072C0486CEB800E47090 /* Sources */ = {
			isa = PBXSourcesBuildPhase;
			buildActionMask = 2147483647;
			files = (
				8D11072D0486CEB800E47090 /* main.m in Sources */,
				1878DEFD1405A8CD0081E876 /* Colormap_EditorAppDelegate.m in Sources */,
				18C4C4FF140623420019B915 /* ColorMapController.m in Sources */,
				18C4C500140623420019B915 /* DomainTableController.m in Sources */,
				18C4C502140623430019B915 /* ElementGroupTableController.m in Sources */,
				18C4C503140623430019B915 /* fillRectView.m in Sources */,
				18C4C504140623430019B915 /* FlineController.m in Sources */,
				18C4C506140623430019B915 /* GLString.m in Sources */,
				18C4C508140623430019B915 /* Kemoview_IO_Controller.m in Sources */,
				18C4C509140623430019B915 /* KemoviewerController.m in Sources */,
				18C4C50A140623430019B915 /* KemoviewerObjectController.m in Sources */,
				18C4C50B140623430019B915 /* KemoViewerOpenGLView.m in Sources */,
				18C4C50C140623430019B915 /* KemoviewIoObjectController.m in Sources */,
				18C4C50F140623430019B915 /* NodeGroupTableController.m in Sources */,
				18C4C510140623430019B915 /* OpacityMapController.m in Sources */,
				18C4C511140623430019B915 /* PsfController.m in Sources */,
				18C4C512140623430019B915 /* ResetViewControll.m in Sources */,
				18C4C513140623430019B915 /* RGBAMapController.m in Sources */,
				18C4C514140623430019B915 /* SurfaceGroupTableController.m in Sources */,
				18BA1CC015E4747000AA4F3B /* gl2ps.c in Sources */,
				18BA1D6A15E4753C00AA4F3B /* cal_surface_center_normal_c.c in Sources */,
				18BA1D6B15E4753C00AA4F3B /* check_psf_data_viewer_c.c in Sources */,
				18BA1D6C15E4753C00AA4F3B /* check_viewer_mesh_c.c in Sources */,
				18BA1D6D15E4753C00AA4F3B /* coordinate_converter_c.c in Sources */,
				18BA1D6E15E4753C00AA4F3B /* get_ysglbitmap.c in Sources */,
				18BA1D6F15E4753C00AA4F3B /* jacobian_trilinear_c.c in Sources */,
				18BA1D7015E4753C00AA4F3B /* kemo_zlib_io_c.c in Sources */,
				18BA1D7115E4753C00AA4F3B /* kemosrc_param_c.c in Sources */,
				18BA1D7215E4753C00AA4F3B /* m_color_table_c.c in Sources */,
				18BA1D7315E4753C00AA4F3B /* m_grouping_mesh_4_viewer_c.c in Sources */,
				18BA1D7415E4753C00AA4F3B /* m_map_data_4_viewer_c.c in Sources */,
				18BA1D7515E4753C00AA4F3B /* m_psf_data_4_viewer_c.c in Sources */,
				18BA1D7615E4753C00AA4F3B /* m_surface_mesh_4_viewer_c.c in Sources */,
				18BA1D7715E4753C00AA4F3B /* Makefile in Sources */,
				18BA1D7815E4753C00AA4F3B /* numbers_to_bin_c.c in Sources */,
				18BA1D7915E4753C00AA4F3B /* projection_patch_to_map.c in Sources */,
				18BA1D7A15E4753C00AA4F3B /* quicksort_c.c in Sources */,
				18BA1D7B15E4753C00AA4F3B /* read_grouping_mesh_c.c in Sources */,
				18BA1D7C15E4753C00AA4F3B /* read_image_2_bmp.c in Sources */,
				18BA1D7D15E4753C00AA4F3B /* read_image_2_png.c in Sources */,
				18BA1D7E15E4753C00AA4F3B /* read_psf_data_gz_c.c in Sources */,
				18BA1D7F15E4753C00AA4F3B /* read_psf_data_viewer_c.c in Sources */,
				18BA1D8015E4753C00AA4F3B /* read_viewer_mesh_c.c in Sources */,
				18BA1D8115E4753C00AA4F3B /* read_viewer_mesh_gz_c.c in Sources */,
				18BA1D8215E4753C00AA4F3B /* set_map_data_4_viewer_c.c in Sources */,
				18BA1D8315E4753C00AA4F3B /* set_new_patch_4_map_c.c in Sources */,
				18BA1D8415E4753C00AA4F3B /* set_normal_on_node_4_mesh.c in Sources */,
				18BA1D8515E4753C00AA4F3B /* set_psf_viewer.c in Sources */,
				18BA1D8615E4753C00AA4F3B /* set_rgb_colors_c.c in Sources */,
				18BA1D8715E4753C00AA4F3B /* set_rgba_table_c.c in Sources */,
				18BA1D8815E4753C00AA4F3B /* set_surface_mesh_data.c in Sources */,
				18BA1D8915E4753C00AA4F3B /* skip_comment_c.c in Sources */,
				18BA1D8A15E4753C00AA4F3B /* take_normal_psf_c.c in Sources */,
				18BA1D8B15E4753C00AA4F3B /* take_normal_surf_mesh_c.c in Sources */,
				18BA1D8C15E4753C00AA4F3B /* transfer_matvec.c in Sources */,
				18BA1D8D15E4753C00AA4F3B /* write_image_2_bmp.c in Sources */,
				18BA1D8E15E4753C00AA4F3B /* write_image_2_png.c in Sources */,
				18BA1D8F15E4753C00AA4F3B /* ysglfontdata.c in Sources */,
				18BA1D9015E4753C00AA4F3B /* coastline_c.c in Sources */,
				18BA1D9115E4753C00AA4F3B /* draw_axis_c.c in Sources */,
				18BA1D9215E4753C00AA4F3B /* draw_coastline.c in Sources */,
				18BA1D9315E4753C00AA4F3B /* draw_colorbar_gl.c in Sources */,
				18BA1D9415E4753C00AA4F3B /* draw_fieldlines.c in Sources */,
				18BA1D9515E4753C00AA4F3B /* draw_grids_4_mesh.c in Sources */,
				18BA1D9615E4753C00AA4F3B /* draw_isolines_4_map.c in Sources */,
				18BA1D9715E4753C00AA4F3B /* draw_isolines_4_PSF.c in Sources */,
				18BA1D9815E4753C00AA4F3B /* draw_mapgrid.c in Sources */,
				18BA1D9915E4753C00AA4F3B /* draw_menu_bottun_gl.c in Sources */,
				18BA1D9A15E4753C00AA4F3B /* draw_node_by_ico_c.c in Sources */,
				18BA1D9B15E4753C00AA4F3B /* draw_object_kemo.c in Sources */,
				18BA1D9C15E4753C00AA4F3B /* draw_patch_4_mesh_c.c in Sources */,
				18BA1D9D15E4753C00AA4F3B /* draw_patches_4_PSF.c in Sources */,
				18BA1D9E15E4753C00AA4F3B /* drawcube_gl.c in Sources */,
				18BA1D9F15E4753C00AA4F3B /* find_isoline_on_patch_c.c in Sources */,
				18BA1DA015E4753C00AA4F3B /* gl_buffer_2_bmp.c in Sources */,
				18BA1DA115E4753C00AA4F3B /* gl_buffer_2_gl2ps.c in Sources */,
				18BA1DA215E4753C00AA4F3B /* gl_buffer_2_png.c in Sources */,
				18BA1DA315E4753C00AA4F3B /* icosahedron_c.c in Sources */,
				18BA1DA415E4753C00AA4F3B /* init_gl_lighting_c.c in Sources */,
				18BA1DA515E4753C00AA4F3B /* kemoviewer_param_c.c in Sources */,
				18BA1DA615E4753C00AA4F3B /* m_gl_transfer_matrix.c in Sources */,
				18BA1DA715E4753C00AA4F3B /* m_kemoviewer_menu.c in Sources */,
				18BA1DA815E4753C00AA4F3B /* m_kemoviewer_structure.c in Sources */,
				18BA1DA915E4753C00AA4F3B /* Makefile in Sources */,
				18BA1DAA15E4753C00AA4F3B /* modify_object_4_viewer_c.c in Sources */,
				18BA1DAB15E4753C00AA4F3B /* modify_stereo_view_gl.c in Sources */,
				18BA1DAC15E4753C00AA4F3B /* move_draw_objects_gl.c in Sources */,
				18BA1DAD15E4753C00AA4F3B /* psf_data_array_manager.c in Sources */,
				18BA1DAE15E4753C00AA4F3B /* rainbow_color_code_c.c in Sources */,
				18BA1DAF15E4753C00AA4F3B /* read_data_4_kemoviewer.c in Sources */,
				18BA1DB015E4753C00AA4F3B /* rendereps_c.c in Sources */,
				18BA1DB115E4753C00AA4F3B /* rotate_animation.c in Sources */,
				18BA1DB215E4753C00AA4F3B /* set_color_code_on_nodes.c in Sources */,
				18BA1DB315E4753C00AA4F3B /* set_each_psf_parameters.c in Sources */,
				18BA1DB415E4753C00AA4F3B /* set_kemoviewer_ucd_data.c in Sources */,
				18BA1DB515E4753C00AA4F3B /* set_texture_4_psf.c in Sources */,
				18BA1DB615E4753C00AA4F3B /* sort_by_patch_distance.c in Sources */,
				18BA1DB715E4753C00AA4F3B /* trackball.c in Sources */,
				18BA1DB815E4753C00AA4F3B /* write_gl_window_to_file.c in Sources */,
				18BA1DB915E4753C00AA4F3B /* write_modelview_matrix.c in Sources */,
				18BA1DBA15E4753C00AA4F3B /* ysglusefontbitmap.c in Sources */,
			);
			runOnlyForDeploymentPostprocessing = 0;
		};
/* End PBXSourcesBuildPhase section */

/* Begin PBXVariantGroup section */
		089C165CFE840E0CC02AAC07 /* InfoPlist.strings */ = {
			isa = PBXVariantGroup;
			children = (
				089C165DFE840E0CC02AAC07 /* English */,
			);
			name = InfoPlist.strings;
			sourceTree = "<group>";
		};
		1DDD58140DA1D0A300B32029 /* MainMenu.xib */ = {
			isa = PBXVariantGroup;
			children = (
				1DDD58150DA1D0A300B32029 /* English */,
			);
			name = MainMenu.xib;
			sourceTree = "<group>";
		};
/* End PBXVariantGroup section */

/* Begin XCBuildConfiguration section */
		C01FCF4B08A954540054247B /* Debug */ = {
			isa = XCBuildConfiguration;
			buildSettings = {
				ALWAYS_SEARCH_USER_PATHS = YES;
				COPY_PHASE_STRIP = YES;
				GCC_DYNAMIC_NO_PIC = NO;
				GCC_ENABLE_FIX_AND_CONTINUE = YES;
				GCC_MODEL_TUNING = "";
				GCC_OPTIMIZATION_LEVEL = 0;
				GCC_PRECOMPILE_PREFIX_HEADER = YES;
				GCC_PREFIX_HEADER = Colormap_Editor_Prefix.pch;
				INFOPLIST_FILE = "Colormap_Editor-Info.plist";
				INSTALL_PATH = "$(HOME)/Applications";
				LIBRARY_SEARCH_PATHS = (
					"$(inherited)",
					/usr/X11/lib,
				);
				PRODUCT_NAME = Colormap_Editor;
				SDKROOT = macosx10.7;
			};
			name = Debug;
		};
		C01FCF4C08A954540054247B /* Release */ = {
			isa = XCBuildConfiguration;
			buildSettings = {
				ALWAYS_SEARCH_USER_PATHS = YES;
				COPY_PHASE_STRIP = YES;
				DEBUG_INFORMATION_FORMAT = "dwarf-with-dsym";
				GCC_MODEL_TUNING = "";
				GCC_PRECOMPILE_PREFIX_HEADER = YES;
				GCC_PREFIX_HEADER = Colormap_Editor_Prefix.pch;
				INFOPLIST_FILE = "Colormap_Editor-Info.plist";
				INSTALL_PATH = "$(HOME)/Applications";
				LIBRARY_SEARCH_PATHS = (
					"$(inherited)",
					/usr/X11/lib,
				);
				PRODUCT_NAME = Colormap_Editor;
				SDKROOT = macosx10.7;
			};
			name = Release;
		};
		C01FCF4F08A954540054247B /* Debug */ = {
			isa = XCBuildConfiguration;
			buildSettings = {
				ARCHS = "$(ARCHS_STANDARD_32_64_BIT)";
				GCC_C_LANGUAGE_STANDARD = gnu99;
				GCC_OPTIMIZATION_LEVEL = 0;
				GCC_WARN_ABOUT_RETURN_TYPE = YES;
				GCC_WARN_UNUSED_VARIABLE = YES;
				ONLY_ACTIVE_ARCH = YES;
				PREBINDING = NO;
				SDKROOT = macosx10.6;
			};
			name = Debug;
		};
		C01FCF5008A954540054247B /* Release */ = {
			isa = XCBuildConfiguration;
			buildSettings = {
				ARCHS = "$(ARCHS_STANDARD_32_64_BIT)";
				GCC_C_LANGUAGE_STANDARD = gnu99;
				GCC_WARN_ABOUT_RETURN_TYPE = YES;
				GCC_WARN_UNUSED_VARIABLE = YES;
				PREBINDING = NO;
				SDKROOT = macosx10.6;
			};
			name = Release;
		};
/* End XCBuildConfiguration section */

/* Begin XCConfigurationList section */
		C01FCF4A08A954540054247B /* Build configuration list for PBXNativeTarget "Colormap_Editor" */ = {
			isa = XCConfigurationList;
			buildConfigurations = (
				C01FCF4B08A954540054247B /* Debug */,
				C01FCF4C08A954540054247B /* Release */,
			);
			defaultConfigurationIsVisible = 0;
			defaultConfigurationName = Release;
		};
		C01FCF4E08A954540054247B /* Build configuration list for PBXProject "Colormap_Editor" */ = {
			isa = XCConfigurationList;
			buildConfigurations = (
				C01FCF4F08A954540054247B /* Debug */,
				C01FCF5008A954540054247B /* Release */,
			);
			defaultConfigurationIsVisible = 0;
			defaultConfigurationName = Release;
		};
/* End XCConfigurationList section */
	};
	rootObject = 29B97313FDCFA39411CA2CEA /* Project object */;
}
